// !$*UTF8*$!
{
	archiveVersion = 1;
	classes = {
	};
	objectVersion = 56;
	objects = {

/* Begin PBXBuildFile section */
		B631BA472BD0968F00F9FCAA /* PlayerPositionView.swift in Sources */ = {isa = PBXBuildFile; fileRef = B631BA462BD0968F00F9FCAA /* PlayerPositionView.swift */; };
		B649ED4A2BD1B0C900157267 /* Player.swift in Sources */ = {isa = PBXBuildFile; fileRef = B649ED492BD1B0C900157267 /* Player.swift */; };
		B649ED4D2BD1B2E100157267 /* GameManager.swift in Sources */ = {isa = PBXBuildFile; fileRef = B649ED4C2BD1B2E100157267 /* GameManager.swift */; };
		B649ED4F2BD5E47300157267 /* GameManagerTests.swift in Sources */ = {isa = PBXBuildFile; fileRef = B649ED4E2BD5E47300157267 /* GameManagerTests.swift */; };
		B649ED512BD6DA6500157267 /* Card.swift in Sources */ = {isa = PBXBuildFile; fileRef = B649ED502BD6DA6500157267 /* Card.swift */; };
		B649ED532BD6E78200157267 /* Deck.swift in Sources */ = {isa = PBXBuildFile; fileRef = B649ED522BD6E78200157267 /* Deck.swift */; };
		B649ED552BD6FE5000157267 /* DeckTests.swift in Sources */ = {isa = PBXBuildFile; fileRef = B649ED542BD6FE5000157267 /* DeckTests.swift */; };
		B649ED572BD70D6B00157267 /* CardBackView.swift in Sources */ = {isa = PBXBuildFile; fileRef = B649ED562BD70D6B00157267 /* CardBackView.swift */; };
		B672D7DD2BC87E6300E7F5F6 /* PokerTableView.swift in Sources */ = {isa = PBXBuildFile; fileRef = B672D7DC2BC87E6300E7F5F6 /* PokerTableView.swift */; };
		B672D7DF2BC88CB900E7F5F6 /* CardView.swift in Sources */ = {isa = PBXBuildFile; fileRef = B672D7DE2BC88CB900E7F5F6 /* CardView.swift */; };
		B67C5E432E208A950017ECBF /* MenuView.swift in Sources */ = {isa = PBXBuildFile; fileRef = B67C5E422E208A950017ECBF /* MenuView.swift */; };
		B67C5E452E208AD70017ECBF /* MenuOption.swift in Sources */ = {isa = PBXBuildFile; fileRef = B67C5E442E208AD70017ECBF /* MenuOption.swift */; };
		B67C5E472E2802D70017ECBF /* MainView.swift in Sources */ = {isa = PBXBuildFile; fileRef = B67C5E462E2802D70017ECBF /* MainView.swift */; };
		B67C5E4D2E28065B0017ECBF /* ProfileView.swift in Sources */ = {isa = PBXBuildFile; fileRef = B67C5E4C2E28065B0017ECBF /* ProfileView.swift */; };
		B67C5E4F2E2806DD0017ECBF /* StatsView.swift in Sources */ = {isa = PBXBuildFile; fileRef = B67C5E4E2E2806DD0017ECBF /* StatsView.swift */; };
		B67C5E512E2806F30017ECBF /* HomeView.swift in Sources */ = {isa = PBXBuildFile; fileRef = B67C5E502E2806F30017ECBF /* HomeView.swift */; };
		B67C5E532E2807160017ECBF /* ChallengesView.swift in Sources */ = {isa = PBXBuildFile; fileRef = B67C5E522E2807160017ECBF /* ChallengesView.swift */; };
		B67C5E572E283F600017ECBF /* Exo2-Italic-VariableFont_wght.ttf in Resources */ = {isa = PBXBuildFile; fileRef = B67C5E552E283F600017ECBF /* Exo2-Italic-VariableFont_wght.ttf */; };
		B67C5E582E283F600017ECBF /* Exo2-VariableFont_wght.ttf in Resources */ = {isa = PBXBuildFile; fileRef = B67C5E562E283F600017ECBF /* Exo2-VariableFont_wght.ttf */; };
		B67C5E5B2E28423F0017ECBF /* Audiowide-Regular.ttf in Resources */ = {isa = PBXBuildFile; fileRef = B67C5E5A2E28423F0017ECBF /* Audiowide-Regular.ttf */; };
		B67C5E5E2E41836C0017ECBF /* NavigationState.swift in Sources */ = {isa = PBXBuildFile; fileRef = B67C5E5D2E41836C0017ECBF /* NavigationState.swift */; };
		B67C5E602E43D9A20017ECBF /* PokerAPI.swift in Sources */ = {isa = PBXBuildFile; fileRef = B67C5E5F2E43D9A20017ECBF /* PokerAPI.swift */; };
		B67C5E622E4C04F90017ECBF /* AdvancedPreflopManager.swift in Sources */ = {isa = PBXBuildFile; fileRef = B67C5E612E4C04F90017ECBF /* AdvancedPreflopManager.swift */; };
		B67C5E652E50D9360017ECBF /* AdvancedDecisionMaker.swift in Sources */ = {isa = PBXBuildFile; fileRef = B67C5E642E50D9360017ECBF /* AdvancedDecisionMaker.swift */; };
		B67C5E672E591EF20017ECBF /* ChallengeCard.swift in Sources */ = {isa = PBXBuildFile; fileRef = B67C5E662E591EF20017ECBF /* ChallengeCard.swift */; };
		B67C5E6E2E59F3B40017ECBF /* Models.swift in Sources */ = {isa = PBXBuildFile; fileRef = B67C5E6D2E59F3B40017ECBF /* Models.swift */; };
		B67C5E742E5A092C0017ECBF /* ChallengeDataManager.swift in Sources */ = {isa = PBXBuildFile; fileRef = B67C5E732E5A092C0017ECBF /* ChallengeDataManager.swift */; };
		B67C5E762E5A143E0017ECBF /* HandLogDataManager.swift in Sources */ = {isa = PBXBuildFile; fileRef = B67C5E752E5A143E0017ECBF /* HandLogDataManager.swift */; };
		B67C5E782E5A14840017ECBF /* GameDataManager.swift in Sources */ = {isa = PBXBuildFile; fileRef = B67C5E772E5A14840017ECBF /* GameDataManager.swift */; };
		B67C5E7B2E5E11FD0017ECBF /* WinPercentageDetailView.swift in Sources */ = {isa = PBXBuildFile; fileRef = B67C5E7A2E5E11FD0017ECBF /* WinPercentageDetailView.swift */; };
		B67C5E7F2E5E1D1E0017ECBF /* HandsPlayedDetailView.swift in Sources */ = {isa = PBXBuildFile; fileRef = B67C5E7E2E5E1D1E0017ECBF /* HandsPlayedDetailView.swift */; };
		B697E7752BC849E700191C7A /* Poker_MasterApp.swift in Sources */ = {isa = PBXBuildFile; fileRef = B697E7742BC849E700191C7A /* Poker_MasterApp.swift */; };
		B697E7772BC849E700191C7A /* ContentView.swift in Sources */ = {isa = PBXBuildFile; fileRef = B697E7762BC849E700191C7A /* ContentView.swift */; };
		B697E7792BC849E700191C7A /* Item.swift in Sources */ = {isa = PBXBuildFile; fileRef = B697E7782BC849E700191C7A /* Item.swift */; };
		B697E77B2BC849E800191C7A /* Assets.xcassets in Resources */ = {isa = PBXBuildFile; fileRef = B697E77A2BC849E800191C7A /* Assets.xcassets */; };
		B697E77E2BC849E800191C7A /* Preview Assets.xcassets in Resources */ = {isa = PBXBuildFile; fileRef = B697E77D2BC849E800191C7A /* Preview Assets.xcassets */; };
		B697E7882BC849E800191C7A /* Poker_MasterTests.swift in Sources */ = {isa = PBXBuildFile; fileRef = B697E7872BC849E800191C7A /* Poker_MasterTests.swift */; };
		B697E7922BC849E800191C7A /* Poker_MasterUITests.swift in Sources */ = {isa = PBXBuildFile; fileRef = B697E7912BC849E800191C7A /* Poker_MasterUITests.swift */; };
		B697E7942BC849E800191C7A /* Poker_MasterUITestsLaunchTests.swift in Sources */ = {isa = PBXBuildFile; fileRef = B697E7932BC849E800191C7A /* Poker_MasterUITestsLaunchTests.swift */; };
		B6ADA4252C06490E00358F34 /* DecisionMaker.swift in Sources */ = {isa = PBXBuildFile; fileRef = B6ADA4242C06490E00358F34 /* DecisionMaker.swift */; };
		B6ADA4272C2B241400358F34 /* DecisionMakerTests.swift in Sources */ = {isa = PBXBuildFile; fileRef = B6ADA4262C2B241400358F34 /* DecisionMakerTests.swift */; };
		B6D403682D8A09D3008A83E8 /* PlayerTests.swift in Sources */ = {isa = PBXBuildFile; fileRef = B6D403672D8A09D3008A83E8 /* PlayerTests.swift */; };
		B6D4036A2D8DBEAD008A83E8 /* User.swift in Sources */ = {isa = PBXBuildFile; fileRef = B6D403692D8DBEAD008A83E8 /* User.swift */; };
		B6D4036C2D919A27008A83E8 /* IncorrectSelectionView.swift in Sources */ = {isa = PBXBuildFile; fileRef = B6D4036B2D919A27008A83E8 /* IncorrectSelectionView.swift */; };
		B6D4036F2D9340A3008A83E8 /* ConfettiSwiftUI in Frameworks */ = {isa = PBXBuildFile; productRef = B6D4036E2D9340A3008A83E8 /* ConfettiSwiftUI */; };
		B6D403742D9D751F008A83E8 /* SimplePreFlopManager.swift in Sources */ = {isa = PBXBuildFile; fileRef = B6D403732D9D751F008A83E8 /* SimplePreFlopManager.swift */; };
		B6D403762DA07098008A83E8 /* Ranges.json in Resources */ = {isa = PBXBuildFile; fileRef = B6D403752DA07098008A83E8 /* Ranges.json */; };
		B6D403782DA07150008A83E8 /* RangesFileManager.swift in Sources */ = {isa = PBXBuildFile; fileRef = B6D403772DA07150008A83E8 /* RangesFileManager.swift */; };
		B6D4037A2DAC34F4008A83E8 /* SimplePreFlopManagerTests.swift in Sources */ = {isa = PBXBuildFile; fileRef = B6D403792DAC34F4008A83E8 /* SimplePreFlopManagerTests.swift */; };
/* End PBXBuildFile section */

/* Begin PBXContainerItemProxy section */
		B697E7842BC849E800191C7A /* PBXContainerItemProxy */ = {
			isa = PBXContainerItemProxy;
			containerPortal = B697E7692BC849E700191C7A /* Project object */;
			proxyType = 1;
			remoteGlobalIDString = B697E7702BC849E700191C7A;
			remoteInfo = "Poker Master";
		};
		B697E78E2BC849E800191C7A /* PBXContainerItemProxy */ = {
			isa = PBXContainerItemProxy;
			containerPortal = B697E7692BC849E700191C7A /* Project object */;
			proxyType = 1;
			remoteGlobalIDString = B697E7702BC849E700191C7A;
			remoteInfo = "Poker Master";
		};
/* End PBXContainerItemProxy section */

/* Begin PBXFileReference section */
		B631BA462BD0968F00F9FCAA /* PlayerPositionView.swift */ = {isa = PBXFileReference; lastKnownFileType = sourcecode.swift; path = PlayerPositionView.swift; sourceTree = "<group>"; };
		B649ED492BD1B0C900157267 /* Player.swift */ = {isa = PBXFileReference; lastKnownFileType = sourcecode.swift; path = Player.swift; sourceTree = "<group>"; };
		B649ED4C2BD1B2E100157267 /* GameManager.swift */ = {isa = PBXFileReference; lastKnownFileType = sourcecode.swift; path = GameManager.swift; sourceTree = "<group>"; };
		B649ED4E2BD5E47300157267 /* GameManagerTests.swift */ = {isa = PBXFileReference; lastKnownFileType = sourcecode.swift; path = GameManagerTests.swift; sourceTree = "<group>"; };
		B649ED502BD6DA6500157267 /* Card.swift */ = {isa = PBXFileReference; lastKnownFileType = sourcecode.swift; path = Card.swift; sourceTree = "<group>"; };
		B649ED522BD6E78200157267 /* Deck.swift */ = {isa = PBXFileReference; lastKnownFileType = sourcecode.swift; path = Deck.swift; sourceTree = "<group>"; };
		B649ED542BD6FE5000157267 /* DeckTests.swift */ = {isa = PBXFileReference; lastKnownFileType = sourcecode.swift; path = DeckTests.swift; sourceTree = "<group>"; };
		B649ED562BD70D6B00157267 /* CardBackView.swift */ = {isa = PBXFileReference; lastKnownFileType = sourcecode.swift; path = CardBackView.swift; sourceTree = "<group>"; };
		B672D7DC2BC87E6300E7F5F6 /* PokerTableView.swift */ = {isa = PBXFileReference; lastKnownFileType = sourcecode.swift; path = PokerTableView.swift; sourceTree = "<group>"; };
		B672D7DE2BC88CB900E7F5F6 /* CardView.swift */ = {isa = PBXFileReference; lastKnownFileType = sourcecode.swift; path = CardView.swift; sourceTree = "<group>"; };
		B67C5E422E208A950017ECBF /* MenuView.swift */ = {isa = PBXFileReference; lastKnownFileType = sourcecode.swift; path = MenuView.swift; sourceTree = "<group>"; };
		B67C5E442E208AD70017ECBF /* MenuOption.swift */ = {isa = PBXFileReference; lastKnownFileType = sourcecode.swift; path = MenuOption.swift; sourceTree = "<group>"; };
		B67C5E462E2802D70017ECBF /* MainView.swift */ = {isa = PBXFileReference; lastKnownFileType = sourcecode.swift; path = MainView.swift; sourceTree = "<group>"; };
		B67C5E4C2E28065B0017ECBF /* ProfileView.swift */ = {isa = PBXFileReference; lastKnownFileType = sourcecode.swift; path = ProfileView.swift; sourceTree = "<group>"; };
		B67C5E4E2E2806DD0017ECBF /* StatsView.swift */ = {isa = PBXFileReference; lastKnownFileType = sourcecode.swift; path = StatsView.swift; sourceTree = "<group>"; };
		B67C5E502E2806F30017ECBF /* HomeView.swift */ = {isa = PBXFileReference; lastKnownFileType = sourcecode.swift; path = HomeView.swift; sourceTree = "<group>"; };
		B67C5E522E2807160017ECBF /* ChallengesView.swift */ = {isa = PBXFileReference; lastKnownFileType = sourcecode.swift; path = ChallengesView.swift; sourceTree = "<group>"; };
		B67C5E552E283F600017ECBF /* Exo2-Italic-VariableFont_wght.ttf */ = {isa = PBXFileReference; lastKnownFileType = file; path = "Exo2-Italic-VariableFont_wght.ttf"; sourceTree = "<group>"; };
		B67C5E562E283F600017ECBF /* Exo2-VariableFont_wght.ttf */ = {isa = PBXFileReference; lastKnownFileType = file; path = "Exo2-VariableFont_wght.ttf"; sourceTree = "<group>"; };
		B67C5E592E283FED0017ECBF /* Poker-Master-Info.plist */ = {isa = PBXFileReference; lastKnownFileType = text.plist; path = "Poker-Master-Info.plist"; sourceTree = SOURCE_ROOT; };
		B67C5E5A2E28423F0017ECBF /* Audiowide-Regular.ttf */ = {isa = PBXFileReference; lastKnownFileType = file; path = "Audiowide-Regular.ttf"; sourceTree = "<group>"; };
		B67C5E5D2E41836C0017ECBF /* NavigationState.swift */ = {isa = PBXFileReference; lastKnownFileType = sourcecode.swift; path = NavigationState.swift; sourceTree = "<group>"; };
		B67C5E5F2E43D9A20017ECBF /* PokerAPI.swift */ = {isa = PBXFileReference; lastKnownFileType = sourcecode.swift; path = PokerAPI.swift; sourceTree = "<group>"; };
		B67C5E612E4C04F90017ECBF /* AdvancedPreflopManager.swift */ = {isa = PBXFileReference; lastKnownFileType = sourcecode.swift; path = AdvancedPreflopManager.swift; sourceTree = "<group>"; };
		B67C5E642E50D9360017ECBF /* AdvancedDecisionMaker.swift */ = {isa = PBXFileReference; lastKnownFileType = sourcecode.swift; path = AdvancedDecisionMaker.swift; sourceTree = "<group>"; };
		B67C5E662E591EF20017ECBF /* ChallengeCard.swift */ = {isa = PBXFileReference; lastKnownFileType = sourcecode.swift; path = ChallengeCard.swift; sourceTree = "<group>"; };
		B67C5E6D2E59F3B40017ECBF /* Models.swift */ = {isa = PBXFileReference; lastKnownFileType = sourcecode.swift; path = Models.swift; sourceTree = "<group>"; };
		B67C5E732E5A092C0017ECBF /* ChallengeDataManager.swift */ = {isa = PBXFileReference; lastKnownFileType = sourcecode.swift; path = ChallengeDataManager.swift; sourceTree = "<group>"; };
		B67C5E752E5A143E0017ECBF /* HandLogDataManager.swift */ = {isa = PBXFileReference; lastKnownFileType = sourcecode.swift; path = HandLogDataManager.swift; sourceTree = "<group>"; };
		B67C5E772E5A14840017ECBF /* GameDataManager.swift */ = {isa = PBXFileReference; lastKnownFileType = sourcecode.swift; path = GameDataManager.swift; sourceTree = "<group>"; };
		B67C5E7A2E5E11FD0017ECBF /* WinPercentageDetailView.swift */ = {isa = PBXFileReference; lastKnownFileType = sourcecode.swift; path = WinPercentageDetailView.swift; sourceTree = "<group>"; };
		B67C5E7E2E5E1D1E0017ECBF /* HandsPlayedDetailView.swift */ = {isa = PBXFileReference; lastKnownFileType = sourcecode.swift; path = HandsPlayedDetailView.swift; sourceTree = "<group>"; };
		B697E7712BC849E700191C7A /* Poker Master.app */ = {isa = PBXFileReference; explicitFileType = wrapper.application; includeInIndex = 0; path = "Poker Master.app"; sourceTree = BUILT_PRODUCTS_DIR; };
		B697E7742BC849E700191C7A /* Poker_MasterApp.swift */ = {isa = PBXFileReference; lastKnownFileType = sourcecode.swift; path = Poker_MasterApp.swift; sourceTree = "<group>"; };
		B697E7762BC849E700191C7A /* ContentView.swift */ = {isa = PBXFileReference; lastKnownFileType = sourcecode.swift; path = ContentView.swift; sourceTree = "<group>"; };
		B697E7782BC849E700191C7A /* Item.swift */ = {isa = PBXFileReference; lastKnownFileType = sourcecode.swift; path = Item.swift; sourceTree = "<group>"; };
		B697E77A2BC849E800191C7A /* Assets.xcassets */ = {isa = PBXFileReference; lastKnownFileType = folder.assetcatalog; path = Assets.xcassets; sourceTree = "<group>"; };
		B697E77D2BC849E800191C7A /* Preview Assets.xcassets */ = {isa = PBXFileReference; lastKnownFileType = folder.assetcatalog; path = "Preview Assets.xcassets"; sourceTree = "<group>"; };
		B697E7832BC849E800191C7A /* Poker MasterTests.xctest */ = {isa = PBXFileReference; explicitFileType = wrapper.cfbundle; includeInIndex = 0; path = "Poker MasterTests.xctest"; sourceTree = BUILT_PRODUCTS_DIR; };
		B697E7872BC849E800191C7A /* Poker_MasterTests.swift */ = {isa = PBXFileReference; lastKnownFileType = sourcecode.swift; path = Poker_MasterTests.swift; sourceTree = "<group>"; };
		B697E78D2BC849E800191C7A /* Poker MasterUITests.xctest */ = {isa = PBXFileReference; explicitFileType = wrapper.cfbundle; includeInIndex = 0; path = "Poker MasterUITests.xctest"; sourceTree = BUILT_PRODUCTS_DIR; };
		B697E7912BC849E800191C7A /* Poker_MasterUITests.swift */ = {isa = PBXFileReference; lastKnownFileType = sourcecode.swift; path = Poker_MasterUITests.swift; sourceTree = "<group>"; };
		B697E7932BC849E800191C7A /* Poker_MasterUITestsLaunchTests.swift */ = {isa = PBXFileReference; lastKnownFileType = sourcecode.swift; path = Poker_MasterUITestsLaunchTests.swift; sourceTree = "<group>"; };
		B6ADA4232C0135B700358F34 /* BTN_strategy_chart.json */ = {isa = PBXFileReference; lastKnownFileType = text.json; path = BTN_strategy_chart.json; sourceTree = "<group>"; };
		B6ADA4242C06490E00358F34 /* DecisionMaker.swift */ = {isa = PBXFileReference; lastKnownFileType = sourcecode.swift; path = DecisionMaker.swift; sourceTree = "<group>"; };
		B6ADA4262C2B241400358F34 /* DecisionMakerTests.swift */ = {isa = PBXFileReference; lastKnownFileType = sourcecode.swift; path = DecisionMakerTests.swift; sourceTree = "<group>"; };
		B6D403672D8A09D3008A83E8 /* PlayerTests.swift */ = {isa = PBXFileReference; lastKnownFileType = sourcecode.swift; path = PlayerTests.swift; sourceTree = "<group>"; };
		B6D403692D8DBEAD008A83E8 /* User.swift */ = {isa = PBXFileReference; lastKnownFileType = sourcecode.swift; path = User.swift; sourceTree = "<group>"; };
		B6D4036B2D919A27008A83E8 /* IncorrectSelectionView.swift */ = {isa = PBXFileReference; lastKnownFileType = sourcecode.swift; path = IncorrectSelectionView.swift; sourceTree = "<group>"; };
		B6D403732D9D751F008A83E8 /* SimplePreFlopManager.swift */ = {isa = PBXFileReference; lastKnownFileType = sourcecode.swift; path = SimplePreFlopManager.swift; sourceTree = "<group>"; };
		B6D403752DA07098008A83E8 /* Ranges.json */ = {isa = PBXFileReference; fileEncoding = 4; lastKnownFileType = text.json; path = Ranges.json; sourceTree = "<group>"; };
		B6D403772DA07150008A83E8 /* RangesFileManager.swift */ = {isa = PBXFileReference; lastKnownFileType = sourcecode.swift; path = RangesFileManager.swift; sourceTree = "<group>"; };
		B6D403792DAC34F4008A83E8 /* SimplePreFlopManagerTests.swift */ = {isa = PBXFileReference; lastKnownFileType = sourcecode.swift; path = SimplePreFlopManagerTests.swift; sourceTree = "<group>"; };
/* End PBXFileReference section */

/* Begin PBXFrameworksBuildPhase section */
		B697E76E2BC849E700191C7A /* Frameworks */ = {
			isa = PBXFrameworksBuildPhase;
			buildActionMask = 2147483647;
			files = (
				B6D4036F2D9340A3008A83E8 /* ConfettiSwiftUI in Frameworks */,
			);
			runOnlyForDeploymentPostprocessing = 0;
		};
		B697E7802BC849E800191C7A /* Frameworks */ = {
			isa = PBXFrameworksBuildPhase;
			buildActionMask = 2147483647;
			files = (
			);
			runOnlyForDeploymentPostprocessing = 0;
		};
		B697E78A2BC849E800191C7A /* Frameworks */ = {
			isa = PBXFrameworksBuildPhase;
			buildActionMask = 2147483647;
			files = (
			);
			runOnlyForDeploymentPostprocessing = 0;
		};
/* End PBXFrameworksBuildPhase section */

/* Begin PBXGroup section */
		B649ED482BD1B09300157267 /* Models */ = {
			isa = PBXGroup;
			children = (
				B67C5E6C2E59F1F60017ECBF /* DataModels */,
				B649ED492BD1B0C900157267 /* Player.swift */,
				B649ED502BD6DA6500157267 /* Card.swift */,
				B649ED522BD6E78200157267 /* Deck.swift */,
				B6D403692D8DBEAD008A83E8 /* User.swift */,
			);
			path = Models;
			sourceTree = "<group>";
		};
		B649ED4B2BD1B2CE00157267 /* Services */ = {
			isa = PBXGroup;
			children = (
				B67C5E722E5A09180017ECBF /* Data */,
				B67C5E6B2E59F13D0017ECBF /* Challenges */,
				B67C5E632E50D8F10017ECBF /* DecisionMakers */,
				B6D403722D9D74F1008A83E8 /* Games */,
				B67C5E5F2E43D9A20017ECBF /* PokerAPI.swift */,
			);
			path = Services;
			sourceTree = "<group>";
		};
		B649ED582BD7108B00157267 /* Images */ = {
			isa = PBXGroup;
			children = (
			);
			path = Images;
			sourceTree = "<group>";
		};
		B67C5E3F2E2088A70017ECBF /* Menu */ = {
			isa = PBXGroup;
			children = (
				B67C5E422E208A950017ECBF /* MenuView.swift */,
				B67C5E442E208AD70017ECBF /* MenuOption.swift */,
			);
			path = Menu;
			sourceTree = "<group>";
		};
		B67C5E482E2806190017ECBF /* Home */ = {
			isa = PBXGroup;
			children = (
				B67C5E502E2806F30017ECBF /* HomeView.swift */,
			);
			path = Home;
			sourceTree = "<group>";
		};
		B67C5E492E2806230017ECBF /* Challenge */ = {
			isa = PBXGroup;
			children = (
				B67C5E522E2807160017ECBF /* ChallengesView.swift */,
				B67C5E662E591EF20017ECBF /* ChallengeCard.swift */,
			);
			path = Challenge;
			sourceTree = "<group>";
		};
		B67C5E4A2E2806370017ECBF /* Statistics */ = {
			isa = PBXGroup;
			children = (
				B67C5E792E5E11DC0017ECBF /* DetailedStatViews */,
				B67C5E4E2E2806DD0017ECBF /* StatsView.swift */,
			);
			path = Statistics;
			sourceTree = "<group>";
		};
		B67C5E4B2E28064A0017ECBF /* Profile */ = {
			isa = PBXGroup;
			children = (
				B67C5E4C2E28065B0017ECBF /* ProfileView.swift */,
			);
			path = Profile;
			sourceTree = "<group>";
		};
		B67C5E542E283F220017ECBF /* Fonts */ = {
			isa = PBXGroup;
			children = (
				B67C5E5A2E28423F0017ECBF /* Audiowide-Regular.ttf */,
				B67C5E552E283F600017ECBF /* Exo2-Italic-VariableFont_wght.ttf */,
				B67C5E562E283F600017ECBF /* Exo2-VariableFont_wght.ttf */,
			);
			path = Fonts;
			sourceTree = "<group>";
		};
		B67C5E5C2E4183170017ECBF /* State */ = {
			isa = PBXGroup;
			children = (
				B67C5E5D2E41836C0017ECBF /* NavigationState.swift */,
			);
			path = State;
			sourceTree = "<group>";
		};
		B67C5E632E50D8F10017ECBF /* DecisionMakers */ = {
			isa = PBXGroup;
			children = (
				B6ADA4242C06490E00358F34 /* DecisionMaker.swift */,
				B67C5E642E50D9360017ECBF /* AdvancedDecisionMaker.swift */,
			);
			path = DecisionMakers;
			sourceTree = "<group>";
		};
		B67C5E6B2E59F13D0017ECBF /* Challenges */ = {
			isa = PBXGroup;
			children = (
			);
			path = Challenges;
			sourceTree = "<group>";
		};
		B67C5E6C2E59F1F60017ECBF /* DataModels */ = {
			isa = PBXGroup;
			children = (
				B67C5E6D2E59F3B40017ECBF /* Models.swift */,
			);
			path = DataModels;
			sourceTree = "<group>";
		};
		B67C5E722E5A09180017ECBF /* Data */ = {
			isa = PBXGroup;
			children = (
				B67C5E732E5A092C0017ECBF /* ChallengeDataManager.swift */,
				B67C5E752E5A143E0017ECBF /* HandLogDataManager.swift */,
				B67C5E772E5A14840017ECBF /* GameDataManager.swift */,
			);
			path = Data;
			sourceTree = "<group>";
		};
		B67C5E792E5E11DC0017ECBF /* DetailedStatViews */ = {
			isa = PBXGroup;
			children = (
				B67C5E7A2E5E11FD0017ECBF /* WinPercentageDetailView.swift */,
				B67C5E7E2E5E1D1E0017ECBF /* HandsPlayedDetailView.swift */,
			);
			path = DetailedStatViews;
			sourceTree = "<group>";
		};
		B6870FFB2D6E05F400A1EAB1 /* Views */ = {
			isa = PBXGroup;
			children = (
				B67C5E4B2E28064A0017ECBF /* Profile */,
				B67C5E4A2E2806370017ECBF /* Statistics */,
				B67C5E492E2806230017ECBF /* Challenge */,
				B67C5E482E2806190017ECBF /* Home */,
				B67C5E3F2E2088A70017ECBF /* Menu */,
				B6870FFE2D6E079000A1EAB1 /* Card */,
				B697E7762BC849E700191C7A /* ContentView.swift */,
				B672D7DC2BC87E6300E7F5F6 /* PokerTableView.swift */,
				B631BA462BD0968F00F9FCAA /* PlayerPositionView.swift */,
				B6D4036B2D919A27008A83E8 /* IncorrectSelectionView.swift */,
				B67C5E462E2802D70017ECBF /* MainView.swift */,
			);
			path = Views;
			sourceTree = "<group>";
		};
		B6870FFD2D6E061D00A1EAB1 /* Utils */ = {
			isa = PBXGroup;
			children = (
				B6D403772DA07150008A83E8 /* RangesFileManager.swift */,
			);
			path = Utils;
			sourceTree = "<group>";
		};
		B6870FFE2D6E079000A1EAB1 /* Card */ = {
			isa = PBXGroup;
			children = (
				B672D7DE2BC88CB900E7F5F6 /* CardView.swift */,
				B649ED562BD70D6B00157267 /* CardBackView.swift */,
			);
			path = Card;
			sourceTree = "<group>";
		};
		B697E7682BC849E700191C7A = {
			isa = PBXGroup;
			children = (
				B6D403752DA07098008A83E8 /* Ranges.json */,
				B697E7732BC849E700191C7A /* Poker Master */,
				B697E7862BC849E800191C7A /* Poker MasterTests */,
				B697E7902BC849E800191C7A /* Poker MasterUITests */,
				B697E7722BC849E700191C7A /* Products */,
			);
			sourceTree = "<group>";
		};
		B697E7722BC849E700191C7A /* Products */ = {
			isa = PBXGroup;
			children = (
				B697E7712BC849E700191C7A /* Poker Master.app */,
				B697E7832BC849E800191C7A /* Poker MasterTests.xctest */,
				B697E78D2BC849E800191C7A /* Poker MasterUITests.xctest */,
			);
			name = Products;
			sourceTree = "<group>";
		};
		B697E7732BC849E700191C7A /* Poker Master */ = {
			isa = PBXGroup;
			children = (
				B67C5E5C2E4183170017ECBF /* State */,
				B67C5E592E283FED0017ECBF /* Poker-Master-Info.plist */,
				B67C5E542E283F220017ECBF /* Fonts */,
				B6870FFD2D6E061D00A1EAB1 /* Utils */,
				B6ADA4222C01351500358F34 /* Resources */,
				B649ED582BD7108B00157267 /* Images */,
				B649ED4B2BD1B2CE00157267 /* Services */,
				B649ED482BD1B09300157267 /* Models */,
				B6870FFB2D6E05F400A1EAB1 /* Views */,
				B697E7742BC849E700191C7A /* Poker_MasterApp.swift */,
				B697E7782BC849E700191C7A /* Item.swift */,
				B697E77A2BC849E800191C7A /* Assets.xcassets */,
				B697E77C2BC849E800191C7A /* Preview Content */,
			);
			path = "Poker Master";
			sourceTree = "<group>";
		};
		B697E77C2BC849E800191C7A /* Preview Content */ = {
			isa = PBXGroup;
			children = (
				B697E77D2BC849E800191C7A /* Preview Assets.xcassets */,
			);
			path = "Preview Content";
			sourceTree = "<group>";
		};
		B697E7862BC849E800191C7A /* Poker MasterTests */ = {
			isa = PBXGroup;
			children = (
				B697E7872BC849E800191C7A /* Poker_MasterTests.swift */,
				B649ED4E2BD5E47300157267 /* GameManagerTests.swift */,
				B649ED542BD6FE5000157267 /* DeckTests.swift */,
				B6ADA4262C2B241400358F34 /* DecisionMakerTests.swift */,
				B6D403672D8A09D3008A83E8 /* PlayerTests.swift */,
				B6D403792DAC34F4008A83E8 /* SimplePreFlopManagerTests.swift */,
			);
			path = "Poker MasterTests";
			sourceTree = "<group>";
		};
		B697E7902BC849E800191C7A /* Poker MasterUITests */ = {
			isa = PBXGroup;
			children = (
				B697E7912BC849E800191C7A /* Poker_MasterUITests.swift */,
				B697E7932BC849E800191C7A /* Poker_MasterUITestsLaunchTests.swift */,
			);
			path = "Poker MasterUITests";
			sourceTree = "<group>";
		};
		B6ADA4222C01351500358F34 /* Resources */ = {
			isa = PBXGroup;
			children = (
				B6ADA4232C0135B700358F34 /* BTN_strategy_chart.json */,
			);
			path = Resources;
			sourceTree = "<group>";
		};
		B6D403722D9D74F1008A83E8 /* Games */ = {
			isa = PBXGroup;
			children = (
				B649ED4C2BD1B2E100157267 /* GameManager.swift */,
				B6D403732D9D751F008A83E8 /* SimplePreFlopManager.swift */,
				B67C5E612E4C04F90017ECBF /* AdvancedPreflopManager.swift */,
			);
			path = Games;
			sourceTree = "<group>";
		};
/* End PBXGroup section */

/* Begin PBXNativeTarget section */
		B697E7702BC849E700191C7A /* Poker Master */ = {
			isa = PBXNativeTarget;
			buildConfigurationList = B697E7972BC849E800191C7A /* Build configuration list for PBXNativeTarget "Poker Master" */;
			buildPhases = (
				B697E76D2BC849E700191C7A /* Sources */,
				B697E76E2BC849E700191C7A /* Frameworks */,
				B697E76F2BC849E700191C7A /* Resources */,
			);
			buildRules = (
			);
			dependencies = (
			);
			name = "Poker Master";
			packageProductDependencies = (
				B6D4036E2D9340A3008A83E8 /* ConfettiSwiftUI */,
			);
			productName = "Poker Master";
			productReference = B697E7712BC849E700191C7A /* Poker Master.app */;
			productType = "com.apple.product-type.application";
		};
		B697E7822BC849E800191C7A /* Poker MasterTests */ = {
			isa = PBXNativeTarget;
			buildConfigurationList = B697E79A2BC849E800191C7A /* Build configuration list for PBXNativeTarget "Poker MasterTests" */;
			buildPhases = (
				B697E77F2BC849E800191C7A /* Sources */,
				B697E7802BC849E800191C7A /* Frameworks */,
				B697E7812BC849E800191C7A /* Resources */,
			);
			buildRules = (
			);
			dependencies = (
				B697E7852BC849E800191C7A /* PBXTargetDependency */,
			);
			name = "Poker MasterTests";
			productName = "Poker MasterTests";
			productReference = B697E7832BC849E800191C7A /* Poker MasterTests.xctest */;
			productType = "com.apple.product-type.bundle.unit-test";
		};
		B697E78C2BC849E800191C7A /* Poker MasterUITests */ = {
			isa = PBXNativeTarget;
			buildConfigurationList = B697E79D2BC849E800191C7A /* Build configuration list for PBXNativeTarget "Poker MasterUITests" */;
			buildPhases = (
				B697E7892BC849E800191C7A /* Sources */,
				B697E78A2BC849E800191C7A /* Frameworks */,
				B697E78B2BC849E800191C7A /* Resources */,
			);
			buildRules = (
			);
			dependencies = (
				B697E78F2BC849E800191C7A /* PBXTargetDependency */,
			);
			name = "Poker MasterUITests";
			productName = "Poker MasterUITests";
			productReference = B697E78D2BC849E800191C7A /* Poker MasterUITests.xctest */;
			productType = "com.apple.product-type.bundle.ui-testing";
		};
/* End PBXNativeTarget section */

/* Begin PBXProject section */
		B697E7692BC849E700191C7A /* Project object */ = {
			isa = PBXProject;
			attributes = {
				BuildIndependentTargetsInParallel = 1;
				LastSwiftUpdateCheck = 1530;
				LastUpgradeCheck = 1530;
				TargetAttributes = {
					B697E7702BC849E700191C7A = {
						CreatedOnToolsVersion = 15.3;
					};
					B697E7822BC849E800191C7A = {
						CreatedOnToolsVersion = 15.3;
						TestTargetID = B697E7702BC849E700191C7A;
					};
					B697E78C2BC849E800191C7A = {
						CreatedOnToolsVersion = 15.3;
						TestTargetID = B697E7702BC849E700191C7A;
					};
				};
			};
			buildConfigurationList = B697E76C2BC849E700191C7A /* Build configuration list for PBXProject "Poker Master" */;
			compatibilityVersion = "Xcode 14.0";
			developmentRegion = en;
			hasScannedForEncodings = 0;
			knownRegions = (
				en,
				Base,
			);
			mainGroup = B697E7682BC849E700191C7A;
			packageReferences = (
				B6D4036D2D9340A3008A83E8 /* XCRemoteSwiftPackageReference "ConfettiSwiftUI" */,
			);
			productRefGroup = B697E7722BC849E700191C7A /* Products */;
			projectDirPath = "";
			projectRoot = "";
			targets = (
				B697E7702BC849E700191C7A /* Poker Master */,
				B697E7822BC849E800191C7A /* Poker MasterTests */,
				B697E78C2BC849E800191C7A /* Poker MasterUITests */,
			);
		};
/* End PBXProject section */

/* Begin PBXResourcesBuildPhase section */
		B697E76F2BC849E700191C7A /* Resources */ = {
			isa = PBXResourcesBuildPhase;
			buildActionMask = 2147483647;
			files = (
				B6D403762DA07098008A83E8 /* Ranges.json in Resources */,
				B697E77E2BC849E800191C7A /* Preview Assets.xcassets in Resources */,
				B697E77B2BC849E800191C7A /* Assets.xcassets in Resources */,
				B67C5E582E283F600017ECBF /* Exo2-VariableFont_wght.ttf in Resources */,
				B67C5E572E283F600017ECBF /* Exo2-Italic-VariableFont_wght.ttf in Resources */,
				B67C5E5B2E28423F0017ECBF /* Audiowide-Regular.ttf in Resources */,
			);
			runOnlyForDeploymentPostprocessing = 0;
		};
		B697E7812BC849E800191C7A /* Resources */ = {
			isa = PBXResourcesBuildPhase;
			buildActionMask = 2147483647;
			files = (
			);
			runOnlyForDeploymentPostprocessing = 0;
		};
		B697E78B2BC849E800191C7A /* Resources */ = {
			isa = PBXResourcesBuildPhase;
			buildActionMask = 2147483647;
			files = (
			);
			runOnlyForDeploymentPostprocessing = 0;
		};
/* End PBXResourcesBuildPhase section */

/* Begin PBXSourcesBuildPhase section */
		B697E76D2BC849E700191C7A /* Sources */ = {
			isa = PBXSourcesBuildPhase;
			buildActionMask = 2147483647;
			files = (
				B6D4036A2D8DBEAD008A83E8 /* User.swift in Sources */,
				B67C5E5E2E41836C0017ECBF /* NavigationState.swift in Sources */,
				B672D7DD2BC87E6300E7F5F6 /* PokerTableView.swift in Sources */,
				B6D403742D9D751F008A83E8 /* SimplePreFlopManager.swift in Sources */,
				B67C5E622E4C04F90017ECBF /* AdvancedPreflopManager.swift in Sources */,
				B67C5E762E5A143E0017ECBF /* HandLogDataManager.swift in Sources */,
				B649ED512BD6DA6500157267 /* Card.swift in Sources */,
				B6D4036C2D919A27008A83E8 /* IncorrectSelectionView.swift in Sources */,
				B67C5E7B2E5E11FD0017ECBF /* WinPercentageDetailView.swift in Sources */,
				B67C5E512E2806F30017ECBF /* HomeView.swift in Sources */,
				B67C5E532E2807160017ECBF /* ChallengesView.swift in Sources */,
				B67C5E6E2E59F3B40017ECBF /* Models.swift in Sources */,
				B67C5E4F2E2806DD0017ECBF /* StatsView.swift in Sources */,
				B67C5E472E2802D70017ECBF /* MainView.swift in Sources */,
				B67C5E672E591EF20017ECBF /* ChallengeCard.swift in Sources */,
				B649ED532BD6E78200157267 /* Deck.swift in Sources */,
				B67C5E652E50D9360017ECBF /* AdvancedDecisionMaker.swift in Sources */,
				B649ED4D2BD1B2E100157267 /* GameManager.swift in Sources */,
				B6ADA4252C06490E00358F34 /* DecisionMaker.swift in Sources */,
				B67C5E742E5A092C0017ECBF /* ChallengeDataManager.swift in Sources */,
				B631BA472BD0968F00F9FCAA /* PlayerPositionView.swift in Sources */,
				B697E7772BC849E700191C7A /* ContentView.swift in Sources */,
				B649ED572BD70D6B00157267 /* CardBackView.swift in Sources */,
				B67C5E602E43D9A20017ECBF /* PokerAPI.swift in Sources */,
				B67C5E4D2E28065B0017ECBF /* ProfileView.swift in Sources */,
				B697E7792BC849E700191C7A /* Item.swift in Sources */,
				B67C5E432E208A950017ECBF /* MenuView.swift in Sources */,
				B67C5E7F2E5E1D1E0017ECBF /* HandsPlayedDetailView.swift in Sources */,
				B67C5E452E208AD70017ECBF /* MenuOption.swift in Sources */,
				B649ED4A2BD1B0C900157267 /* Player.swift in Sources */,
				B67C5E782E5A14840017ECBF /* GameDataManager.swift in Sources */,
				B697E7752BC849E700191C7A /* Poker_MasterApp.swift in Sources */,
				B6D403782DA07150008A83E8 /* RangesFileManager.swift in Sources */,
				B672D7DF2BC88CB900E7F5F6 /* CardView.swift in Sources */,
			);
			runOnlyForDeploymentPostprocessing = 0;
		};
		B697E77F2BC849E800191C7A /* Sources */ = {
			isa = PBXSourcesBuildPhase;
			buildActionMask = 2147483647;
			files = (
				B6D4037A2DAC34F4008A83E8 /* SimplePreFlopManagerTests.swift in Sources */,
				B6D403682D8A09D3008A83E8 /* PlayerTests.swift in Sources */,
				B6ADA4272C2B241400358F34 /* DecisionMakerTests.swift in Sources */,
				B649ED552BD6FE5000157267 /* DeckTests.swift in Sources */,
				B697E7882BC849E800191C7A /* Poker_MasterTests.swift in Sources */,
				B649ED4F2BD5E47300157267 /* GameManagerTests.swift in Sources */,
			);
			runOnlyForDeploymentPostprocessing = 0;
		};
		B697E7892BC849E800191C7A /* Sources */ = {
			isa = PBXSourcesBuildPhase;
			buildActionMask = 2147483647;
			files = (
				B697E7942BC849E800191C7A /* Poker_MasterUITestsLaunchTests.swift in Sources */,
				B697E7922BC849E800191C7A /* Poker_MasterUITests.swift in Sources */,
			);
			runOnlyForDeploymentPostprocessing = 0;
		};
/* End PBXSourcesBuildPhase section */

/* Begin PBXTargetDependency section */
		B697E7852BC849E800191C7A /* PBXTargetDependency */ = {
			isa = PBXTargetDependency;
			target = B697E7702BC849E700191C7A /* Poker Master */;
			targetProxy = B697E7842BC849E800191C7A /* PBXContainerItemProxy */;
		};
		B697E78F2BC849E800191C7A /* PBXTargetDependency */ = {
			isa = PBXTargetDependency;
			target = B697E7702BC849E700191C7A /* Poker Master */;
			targetProxy = B697E78E2BC849E800191C7A /* PBXContainerItemProxy */;
		};
/* End PBXTargetDependency section */

/* Begin XCBuildConfiguration section */
		B697E7952BC849E800191C7A /* Debug */ = {
			isa = XCBuildConfiguration;
			buildSettings = {
				ALWAYS_SEARCH_USER_PATHS = NO;
				ASSETCATALOG_COMPILER_GENERATE_SWIFT_ASSET_SYMBOL_EXTENSIONS = YES;
				CLANG_ANALYZER_NONNULL = YES;
				CLANG_ANALYZER_NUMBER_OBJECT_CONVERSION = YES_AGGRESSIVE;
				CLANG_CXX_LANGUAGE_STANDARD = "gnu++20";
				CLANG_ENABLE_MODULES = YES;
				CLANG_ENABLE_OBJC_ARC = YES;
				CLANG_ENABLE_OBJC_WEAK = YES;
				CLANG_WARN_BLOCK_CAPTURE_AUTORELEASING = YES;
				CLANG_WARN_BOOL_CONVERSION = YES;
				CLANG_WARN_COMMA = YES;
				CLANG_WARN_CONSTANT_CONVERSION = YES;
				CLANG_WARN_DEPRECATED_OBJC_IMPLEMENTATIONS = YES;
				CLANG_WARN_DIRECT_OBJC_ISA_USAGE = YES_ERROR;
				CLANG_WARN_DOCUMENTATION_COMMENTS = YES;
				CLANG_WARN_EMPTY_BODY = YES;
				CLANG_WARN_ENUM_CONVERSION = YES;
				CLANG_WARN_INFINITE_RECURSION = YES;
				CLANG_WARN_INT_CONVERSION = YES;
				CLANG_WARN_NON_LITERAL_NULL_CONVERSION = YES;
				CLANG_WARN_OBJC_IMPLICIT_RETAIN_SELF = YES;
				CLANG_WARN_OBJC_LITERAL_CONVERSION = YES;
				CLANG_WARN_OBJC_ROOT_CLASS = YES_ERROR;
				CLANG_WARN_QUOTED_INCLUDE_IN_FRAMEWORK_HEADER = YES;
				CLANG_WARN_RANGE_LOOP_ANALYSIS = YES;
				CLANG_WARN_STRICT_PROTOTYPES = YES;
				CLANG_WARN_SUSPICIOUS_MOVE = YES;
				CLANG_WARN_UNGUARDED_AVAILABILITY = YES_AGGRESSIVE;
				CLANG_WARN_UNREACHABLE_CODE = YES;
				CLANG_WARN__DUPLICATE_METHOD_MATCH = YES;
				COPY_PHASE_STRIP = NO;
				DEBUG_INFORMATION_FORMAT = dwarf;
				ENABLE_STRICT_OBJC_MSGSEND = YES;
				ENABLE_TESTABILITY = YES;
				ENABLE_USER_SCRIPT_SANDBOXING = YES;
				GCC_C_LANGUAGE_STANDARD = gnu17;
				GCC_DYNAMIC_NO_PIC = NO;
				GCC_NO_COMMON_BLOCKS = YES;
				GCC_OPTIMIZATION_LEVEL = 0;
				GCC_PREPROCESSOR_DEFINITIONS = (
					"DEBUG=1",
					"$(inherited)",
				);
				GCC_WARN_64_TO_32_BIT_CONVERSION = YES;
				GCC_WARN_ABOUT_RETURN_TYPE = YES_ERROR;
				GCC_WARN_UNDECLARED_SELECTOR = YES;
				GCC_WARN_UNINITIALIZED_AUTOS = YES_AGGRESSIVE;
				GCC_WARN_UNUSED_FUNCTION = YES;
				GCC_WARN_UNUSED_VARIABLE = YES;
				IPHONEOS_DEPLOYMENT_TARGET = 17.4;
				LOCALIZATION_PREFERS_STRING_CATALOGS = YES;
				MTL_ENABLE_DEBUG_INFO = INCLUDE_SOURCE;
				MTL_FAST_MATH = YES;
				ONLY_ACTIVE_ARCH = YES;
				SDKROOT = iphoneos;
				SWIFT_ACTIVE_COMPILATION_CONDITIONS = "DEBUG $(inherited)";
				SWIFT_OPTIMIZATION_LEVEL = "-Onone";
			};
			name = Debug;
		};
		B697E7962BC849E800191C7A /* Release */ = {
			isa = XCBuildConfiguration;
			buildSettings = {
				ALWAYS_SEARCH_USER_PATHS = NO;
				ASSETCATALOG_COMPILER_GENERATE_SWIFT_ASSET_SYMBOL_EXTENSIONS = YES;
				CLANG_ANALYZER_NONNULL = YES;
				CLANG_ANALYZER_NUMBER_OBJECT_CONVERSION = YES_AGGRESSIVE;
				CLANG_CXX_LANGUAGE_STANDARD = "gnu++20";
				CLANG_ENABLE_MODULES = YES;
				CLANG_ENABLE_OBJC_ARC = YES;
				CLANG_ENABLE_OBJC_WEAK = YES;
				CLANG_WARN_BLOCK_CAPTURE_AUTORELEASING = YES;
				CLANG_WARN_BOOL_CONVERSION = YES;
				CLANG_WARN_COMMA = YES;
				CLANG_WARN_CONSTANT_CONVERSION = YES;
				CLANG_WARN_DEPRECATED_OBJC_IMPLEMENTATIONS = YES;
				CLANG_WARN_DIRECT_OBJC_ISA_USAGE = YES_ERROR;
				CLANG_WARN_DOCUMENTATION_COMMENTS = YES;
				CLANG_WARN_EMPTY_BODY = YES;
				CLANG_WARN_ENUM_CONVERSION = YES;
				CLANG_WARN_INFINITE_RECURSION = YES;
				CLANG_WARN_INT_CONVERSION = YES;
				CLANG_WARN_NON_LITERAL_NULL_CONVERSION = YES;
				CLANG_WARN_OBJC_IMPLICIT_RETAIN_SELF = YES;
				CLANG_WARN_OBJC_LITERAL_CONVERSION = YES;
				CLANG_WARN_OBJC_ROOT_CLASS = YES_ERROR;
				CLANG_WARN_QUOTED_INCLUDE_IN_FRAMEWORK_HEADER = YES;
				CLANG_WARN_RANGE_LOOP_ANALYSIS = YES;
				CLANG_WARN_STRICT_PROTOTYPES = YES;
				CLANG_WARN_SUSPICIOUS_MOVE = YES;
				CLANG_WARN_UNGUARDED_AVAILABILITY = YES_AGGRESSIVE;
				CLANG_WARN_UNREACHABLE_CODE = YES;
				CLANG_WARN__DUPLICATE_METHOD_MATCH = YES;
				COPY_PHASE_STRIP = NO;
				DEBUG_INFORMATION_FORMAT = "dwarf-with-dsym";
				ENABLE_NS_ASSERTIONS = NO;
				ENABLE_STRICT_OBJC_MSGSEND = YES;
				ENABLE_USER_SCRIPT_SANDBOXING = YES;
				GCC_C_LANGUAGE_STANDARD = gnu17;
				GCC_NO_COMMON_BLOCKS = YES;
				GCC_WARN_64_TO_32_BIT_CONVERSION = YES;
				GCC_WARN_ABOUT_RETURN_TYPE = YES_ERROR;
				GCC_WARN_UNDECLARED_SELECTOR = YES;
				GCC_WARN_UNINITIALIZED_AUTOS = YES_AGGRESSIVE;
				GCC_WARN_UNUSED_FUNCTION = YES;
				GCC_WARN_UNUSED_VARIABLE = YES;
				IPHONEOS_DEPLOYMENT_TARGET = 17.4;
				LOCALIZATION_PREFERS_STRING_CATALOGS = YES;
				MTL_ENABLE_DEBUG_INFO = NO;
				MTL_FAST_MATH = YES;
				SDKROOT = iphoneos;
				SWIFT_COMPILATION_MODE = wholemodule;
				VALIDATE_PRODUCT = YES;
			};
			name = Release;
		};
		B697E7982BC849E800191C7A /* Debug */ = {
			isa = XCBuildConfiguration;
			buildSettings = {
				ASSETCATALOG_COMPILER_APPICON_NAME = AppIcon;
				ASSETCATALOG_COMPILER_GLOBAL_ACCENT_COLOR_NAME = AccentColor;
				CODE_SIGN_STYLE = Automatic;
				CURRENT_PROJECT_VERSION = 1;
				DEVELOPMENT_ASSET_PATHS = "";
				DEVELOPMENT_TEAM = BRG3JNA93K;
				ENABLE_PREVIEWS = YES;
				GENERATE_INFOPLIST_FILE = YES;
				INFOPLIST_FILE = "Poker-Master-Info.plist";
				INFOPLIST_KEY_UIApplicationSceneManifest_Generation = YES;
				INFOPLIST_KEY_UIApplicationSupportsIndirectInputEvents = YES;
				INFOPLIST_KEY_UILaunchScreen_Generation = YES;
				INFOPLIST_KEY_UISupportedInterfaceOrientations_iPad = "UIInterfaceOrientationPortrait UIInterfaceOrientationPortraitUpsideDown UIInterfaceOrientationLandscapeLeft UIInterfaceOrientationLandscapeRight";
				INFOPLIST_KEY_UISupportedInterfaceOrientations_iPhone = "UIInterfaceOrientationPortrait UIInterfaceOrientationLandscapeLeft UIInterfaceOrientationLandscapeRight";
				LD_RUNPATH_SEARCH_PATHS = (
					"$(inherited)",
					"@executable_path/Frameworks",
				);
				MARKETING_VERSION = 1.0;
				PRODUCT_BUNDLE_IDENTIFIER = "com.nedwhitt.Poker-Master";
				PRODUCT_NAME = "$(TARGET_NAME)";
				SWIFT_EMIT_LOC_STRINGS = YES;
				SWIFT_VERSION = 5.0;
				TARGETED_DEVICE_FAMILY = "1,2";
			};
			name = Debug;
		};
		B697E7992BC849E800191C7A /* Release */ = {
			isa = XCBuildConfiguration;
			buildSettings = {
				ASSETCATALOG_COMPILER_APPICON_NAME = AppIcon;
				ASSETCATALOG_COMPILER_GLOBAL_ACCENT_COLOR_NAME = AccentColor;
				CODE_SIGN_STYLE = Automatic;
				CURRENT_PROJECT_VERSION = 1;
				DEVELOPMENT_ASSET_PATHS = "";
				DEVELOPMENT_TEAM = BRG3JNA93K;
				ENABLE_PREVIEWS = YES;
				GENERATE_INFOPLIST_FILE = YES;
				INFOPLIST_FILE = "Poker-Master-Info.plist";
				INFOPLIST_KEY_UIApplicationSceneManifest_Generation = YES;
				INFOPLIST_KEY_UIApplicationSupportsIndirectInputEvents = YES;
				INFOPLIST_KEY_UILaunchScreen_Generation = YES;
				INFOPLIST_KEY_UISupportedInterfaceOrientations_iPad = "UIInterfaceOrientationPortrait UIInterfaceOrientationPortraitUpsideDown UIInterfaceOrientationLandscapeLeft UIInterfaceOrientationLandscapeRight";
				INFOPLIST_KEY_UISupportedInterfaceOrientations_iPhone = "UIInterfaceOrientationPortrait UIInterfaceOrientationLandscapeLeft UIInterfaceOrientationLandscapeRight";
				LD_RUNPATH_SEARCH_PATHS = (
					"$(inherited)",
					"@executable_path/Frameworks",
				);
				MARKETING_VERSION = 1.0;
				PRODUCT_BUNDLE_IDENTIFIER = "com.nedwhitt.Poker-Master";
				PRODUCT_NAME = "$(TARGET_NAME)";
				SWIFT_EMIT_LOC_STRINGS = YES;
				SWIFT_VERSION = 5.0;
				TARGETED_DEVICE_FAMILY = "1,2";
			};
			name = Release;
		};
		B697E79B2BC849E800191C7A /* Debug */ = {
			isa = XCBuildConfiguration;
			buildSettings = {
				ALWAYS_EMBED_SWIFT_STANDARD_LIBRARIES = YES;
				BUNDLE_LOADER = "$(TEST_HOST)";
				CODE_SIGN_STYLE = Automatic;
				CURRENT_PROJECT_VERSION = 1;
				GENERATE_INFOPLIST_FILE = YES;
				IPHONEOS_DEPLOYMENT_TARGET = 17.4;
				MARKETING_VERSION = 1.0;
				PRODUCT_BUNDLE_IDENTIFIER = "com.nedwhitt.Poker-MasterTests";
				PRODUCT_NAME = "$(TARGET_NAME)";
				SWIFT_EMIT_LOC_STRINGS = NO;
				SWIFT_VERSION = 5.0;
				TARGETED_DEVICE_FAMILY = "1,2";
				TEST_HOST = "$(BUILT_PRODUCTS_DIR)/Poker Master.app/$(BUNDLE_EXECUTABLE_FOLDER_PATH)/Poker Master";
			};
			name = Debug;
		};
		B697E79C2BC849E800191C7A /* Release */ = {
			isa = XCBuildConfiguration;
			buildSettings = {
				ALWAYS_EMBED_SWIFT_STANDARD_LIBRARIES = YES;
				BUNDLE_LOADER = "$(TEST_HOST)";
				CODE_SIGN_STYLE = Automatic;
				CURRENT_PROJECT_VERSION = 1;
				GENERATE_INFOPLIST_FILE = YES;
				IPHONEOS_DEPLOYMENT_TARGET = 17.4;
				MARKETING_VERSION = 1.0;
				PRODUCT_BUNDLE_IDENTIFIER = "com.nedwhitt.Poker-MasterTests";
				PRODUCT_NAME = "$(TARGET_NAME)";
				SWIFT_EMIT_LOC_STRINGS = NO;
				SWIFT_VERSION = 5.0;
				TARGETED_DEVICE_FAMILY = "1,2";
				TEST_HOST = "$(BUILT_PRODUCTS_DIR)/Poker Master.app/$(BUNDLE_EXECUTABLE_FOLDER_PATH)/Poker Master";
			};
			name = Release;
		};
		B697E79E2BC849E800191C7A /* Debug */ = {
			isa = XCBuildConfiguration;
			buildSettings = {
				ALWAYS_EMBED_SWIFT_STANDARD_LIBRARIES = YES;
				CODE_SIGN_STYLE = Automatic;
				CURRENT_PROJECT_VERSION = 1;
				GENERATE_INFOPLIST_FILE = YES;
				MARKETING_VERSION = 1.0;
				PRODUCT_BUNDLE_IDENTIFIER = "com.nedwhitt.Poker-MasterUITests";
				PRODUCT_NAME = "$(TARGET_NAME)";
				SWIFT_EMIT_LOC_STRINGS = NO;
				SWIFT_VERSION = 5.0;
				TARGETED_DEVICE_FAMILY = "1,2";
				TEST_TARGET_NAME = "Poker Master";
			};
			name = Debug;
		};
		B697E79F2BC849E800191C7A /* Release */ = {
			isa = XCBuildConfiguration;
			buildSettings = {
				ALWAYS_EMBED_SWIFT_STANDARD_LIBRARIES = YES;
				CODE_SIGN_STYLE = Automatic;
				CURRENT_PROJECT_VERSION = 1;
				GENERATE_INFOPLIST_FILE = YES;
				MARKETING_VERSION = 1.0;
				PRODUCT_BUNDLE_IDENTIFIER = "com.nedwhitt.Poker-MasterUITests";
				PRODUCT_NAME = "$(TARGET_NAME)";
				SWIFT_EMIT_LOC_STRINGS = NO;
				SWIFT_VERSION = 5.0;
				TARGETED_DEVICE_FAMILY = "1,2";
				TEST_TARGET_NAME = "Poker Master";
			};
			name = Release;
		};
/* End XCBuildConfiguration section */

/* Begin XCConfigurationList section */
		B697E76C2BC849E700191C7A /* Build configuration list for PBXProject "Poker Master" */ = {
			isa = XCConfigurationList;
			buildConfigurations = (
				B697E7952BC849E800191C7A /* Debug */,
				B697E7962BC849E800191C7A /* Release */,
			);
			defaultConfigurationIsVisible = 0;
			defaultConfigurationName = Release;
		};
		B697E7972BC849E800191C7A /* Build configuration list for PBXNativeTarget "Poker Master" */ = {
			isa = XCConfigurationList;
			buildConfigurations = (
				B697E7982BC849E800191C7A /* Debug */,
				B697E7992BC849E800191C7A /* Release */,
			);
			defaultConfigurationIsVisible = 0;
			defaultConfigurationName = Release;
		};
		B697E79A2BC849E800191C7A /* Build configuration list for PBXNativeTarget "Poker MasterTests" */ = {
			isa = XCConfigurationList;
			buildConfigurations = (
				B697E79B2BC849E800191C7A /* Debug */,
				B697E79C2BC849E800191C7A /* Release */,
			);
			defaultConfigurationIsVisible = 0;
			defaultConfigurationName = Release;
		};
		B697E79D2BC849E800191C7A /* Build configuration list for PBXNativeTarget "Poker MasterUITests" */ = {
			isa = XCConfigurationList;
			buildConfigurations = (
				B697E79E2BC849E800191C7A /* Debug */,
				B697E79F2BC849E800191C7A /* Release */,
			);
			defaultConfigurationIsVisible = 0;
			defaultConfigurationName = Release;
		};
/* End XCConfigurationList section */

/* Begin XCRemoteSwiftPackageReference section */
		B6D4036D2D9340A3008A83E8 /* XCRemoteSwiftPackageReference "ConfettiSwiftUI" */ = {
			isa = XCRemoteSwiftPackageReference;
			repositoryURL = "https://github.com/simibac/ConfettiSwiftUI.git";
			requirement = {
				kind = upToNextMajorVersion;
				minimumVersion = 2.0.2;
			};
		};
/* End XCRemoteSwiftPackageReference section */

/* Begin XCSwiftPackageProductDependency section */
		B6D4036E2D9340A3008A83E8 /* ConfettiSwiftUI */ = {
			isa = XCSwiftPackageProductDependency;
			package = B6D4036D2D9340A3008A83E8 /* XCRemoteSwiftPackageReference "ConfettiSwiftUI" */;
			productName = ConfettiSwiftUI;
		};
/* End XCSwiftPackageProductDependency section */
	};
	rootObject = B697E7692BC849E700191C7A /* Project object */;
}
