// !$*UTF8*$!
{
	archiveVersion = 1;
	classes = {
	};
	objectVersion = 56;
	objects = {

/* Begin PBXBuildFile section */
		B6131C412E89F31D00E9ACFA /* FirebaseAnalytics in Frameworks */ = {isa = PBXBuildFile; productRef = B6131C402E89F31D00E9ACFA /* FirebaseAnalytics */; };
		B6131C432E89F31D00E9ACFA /* FirebaseAnalyticsCore in Frameworks */ = {isa = PBXBuildFile; productRef = B6131C422E89F31D00E9ACFA /* FirebaseAnalyticsCore */; };
		B6131C452E89F31D00E9ACFA /* FirebaseAnalyticsIdentitySupport in Frameworks */ = {isa = PBXBuildFile; productRef = B6131C442E89F31D00E9ACFA /* FirebaseAnalyticsIdentitySupport */; };
		B6131C472E89F31D00E9ACFA /* FirebaseAppCheck in Frameworks */ = {isa = PBXBuildFile; productRef = B6131C462E89F31D00E9ACFA /* FirebaseAppCheck */; };
		B6131C4B2E89FAEF00E9ACFA /* GoogleService-Info.plist in Resources */ = {isa = PBXBuildFile; fileRef = B6131C4A2E89FAEF00E9ACFA /* GoogleService-Info.plist */; };
		B6131C4D2E8A221A00E9ACFA /* FirebaseAuth in Frameworks */ = {isa = PBXBuildFile; productRef = B6131C4C2E8A221A00E9ACFA /* FirebaseAuth */; };
		B631BA472BD0968F00F9FCAA /* PlayerPositionView.swift in Sources */ = {isa = PBXBuildFile; fileRef = B631BA462BD0968F00F9FCAA /* PlayerPositionView.swift */; };
		B635742F2EA1498900F1212D /* AIPlayerTests.swift in Sources */ = {isa = PBXBuildFile; fileRef = B635742E2EA1498100F1212D /* AIPlayerTests.swift */; };
		B63574332EA1518000F1212D /* AIGameManagerTests.swift in Sources */ = {isa = PBXBuildFile; fileRef = B63574322EA1517600F1212D /* AIGameManagerTests.swift */; };
		B63574372EB1402300F1212D /* AIBoardView.swift in Sources */ = {isa = PBXBuildFile; fileRef = B63574362EB1401E00F1212D /* AIBoardView.swift */; };
		B635743A2EB3FBF000F1212D /* RevenueCat in Frameworks */ = {isa = PBXBuildFile; productRef = B63574392EB3FBF000F1212D /* RevenueCat */; };
		B635743C2EB3FBF000F1212D /* RevenueCatUI in Frameworks */ = {isa = PBXBuildFile; productRef = B635743B2EB3FBF000F1212D /* RevenueCatUI */; };
		B635743F2EB3FC2200F1212D /* StoreKit.framework in Frameworks */ = {isa = PBXBuildFile; fileRef = B635743E2EB3FC2200F1212D /* StoreKit.framework */; };
		B63574412EB4434B00F1212D /* SubscriptionManager.swift in Sources */ = {isa = PBXBuildFile; fileRef = B63574402EB4434400F1212D /* SubscriptionManager.swift */; };
		B645C6C52E7DA494005F78BA /* CreateAccountView.swift in Sources */ = {isa = PBXBuildFile; fileRef = B645C6C42E7DA494005F78BA /* CreateAccountView.swift */; };
		B645C6C72E7DA49D005F78BA /* LoginView.swift in Sources */ = {isa = PBXBuildFile; fileRef = B645C6C62E7DA49D005F78BA /* LoginView.swift */; };
		B645C6CA2E7DA626005F78BA /* AnimatedGradient in Frameworks */ = {isa = PBXBuildFile; productRef = B645C6C92E7DA626005F78BA /* AnimatedGradient */; };
		B649ED4A2BD1B0C900157267 /* Player.swift in Sources */ = {isa = PBXBuildFile; fileRef = B649ED492BD1B0C900157267 /* Player.swift */; };
		B649ED4D2BD1B2E100157267 /* GameManager.swift in Sources */ = {isa = PBXBuildFile; fileRef = B649ED4C2BD1B2E100157267 /* GameManager.swift */; };
		B649ED512BD6DA6500157267 /* Card.swift in Sources */ = {isa = PBXBuildFile; fileRef = B649ED502BD6DA6500157267 /* Card.swift */; };
		B649ED532BD6E78200157267 /* Deck.swift in Sources */ = {isa = PBXBuildFile; fileRef = B649ED522BD6E78200157267 /* Deck.swift */; };
		B649ED552BD6FE5000157267 /* DeckTests.swift in Sources */ = {isa = PBXBuildFile; fileRef = B649ED542BD6FE5000157267 /* DeckTests.swift */; };
		B649ED572BD70D6B00157267 /* CardBackView.swift in Sources */ = {isa = PBXBuildFile; fileRef = B649ED562BD70D6B00157267 /* CardBackView.swift */; };
		B656DC702EB6D83E00488B57 /* AlertToast in Frameworks */ = {isa = PBXBuildFile; productRef = B656DC6F2EB6D83E00488B57 /* AlertToast */; };
		B656DC722EC2D87B00488B57 /* PlayerInfoSheet.swift in Sources */ = {isa = PBXBuildFile; fileRef = B656DC712EC2D87200488B57 /* PlayerInfoSheet.swift */; };
		B656DC742EC5209300488B57 /* Utils.swift in Sources */ = {isa = PBXBuildFile; fileRef = B656DC732EC5208F00488B57 /* Utils.swift */; };
		B656DC7C2EC6D06800488B57 /* AIGameLog.swift in Sources */ = {isa = PBXBuildFile; fileRef = B656DC7B2EC6D05D00488B57 /* AIGameLog.swift */; };
		B656DC7E2EC6D09600488B57 /* EquityLog.swift in Sources */ = {isa = PBXBuildFile; fileRef = B656DC7D2EC6D08F00488B57 /* EquityLog.swift */; };
		B672D7DD2BC87E6300E7F5F6 /* PokerTableView.swift in Sources */ = {isa = PBXBuildFile; fileRef = B672D7DC2BC87E6300E7F5F6 /* PokerTableView.swift */; };
		B672D7DF2BC88CB900E7F5F6 /* CardView.swift in Sources */ = {isa = PBXBuildFile; fileRef = B672D7DE2BC88CB900E7F5F6 /* CardView.swift */; };
		B67C5E432E208A950017ECBF /* MenuView.swift in Sources */ = {isa = PBXBuildFile; fileRef = B67C5E422E208A950017ECBF /* MenuView.swift */; };
		B67C5E452E208AD70017ECBF /* MenuOption.swift in Sources */ = {isa = PBXBuildFile; fileRef = B67C5E442E208AD70017ECBF /* MenuOption.swift */; };
		B67C5E472E2802D70017ECBF /* MainView.swift in Sources */ = {isa = PBXBuildFile; fileRef = B67C5E462E2802D70017ECBF /* MainView.swift */; };
		B67C5E4D2E28065B0017ECBF /* ProfileView.swift in Sources */ = {isa = PBXBuildFile; fileRef = B67C5E4C2E28065B0017ECBF /* ProfileView.swift */; };
		B67C5E4F2E2806DD0017ECBF /* StatsView.swift in Sources */ = {isa = PBXBuildFile; fileRef = B67C5E4E2E2806DD0017ECBF /* StatsView.swift */; };
		B67C5E512E2806F30017ECBF /* HomeView.swift in Sources */ = {isa = PBXBuildFile; fileRef = B67C5E502E2806F30017ECBF /* HomeView.swift */; };
		B67C5E532E2807160017ECBF /* ChallengesView.swift in Sources */ = {isa = PBXBuildFile; fileRef = B67C5E522E2807160017ECBF /* ChallengesView.swift */; };
		B67C5E572E283F600017ECBF /* Exo2-Italic-VariableFont_wght.ttf in Resources */ = {isa = PBXBuildFile; fileRef = B67C5E552E283F600017ECBF /* Exo2-Italic-VariableFont_wght.ttf */; };
		B67C5E582E283F600017ECBF /* Exo2-VariableFont_wght.ttf in Resources */ = {isa = PBXBuildFile; fileRef = B67C5E562E283F600017ECBF /* Exo2-VariableFont_wght.ttf */; };
		B67C5E5B2E28423F0017ECBF /* Audiowide-Regular.ttf in Resources */ = {isa = PBXBuildFile; fileRef = B67C5E5A2E28423F0017ECBF /* Audiowide-Regular.ttf */; };
		B67C5E602E43D9A20017ECBF /* PokerAPI.swift in Sources */ = {isa = PBXBuildFile; fileRef = B67C5E5F2E43D9A20017ECBF /* PokerAPI.swift */; };
		B67C5E622E4C04F90017ECBF /* AdvancedPreflopManager.swift in Sources */ = {isa = PBXBuildFile; fileRef = B67C5E612E4C04F90017ECBF /* AdvancedPreflopManager.swift */; };
		B67C5E652E50D9360017ECBF /* AdvancedDecisionMaker.swift in Sources */ = {isa = PBXBuildFile; fileRef = B67C5E642E50D9360017ECBF /* AdvancedDecisionMaker.swift */; };
		B67C5E672E591EF20017ECBF /* ChallengeCard.swift in Sources */ = {isa = PBXBuildFile; fileRef = B67C5E662E591EF20017ECBF /* ChallengeCard.swift */; };
		B67C5E6E2E59F3B40017ECBF /* Models.swift in Sources */ = {isa = PBXBuildFile; fileRef = B67C5E6D2E59F3B40017ECBF /* Models.swift */; };
		B67C5E742E5A092C0017ECBF /* ChallengeDataManager.swift in Sources */ = {isa = PBXBuildFile; fileRef = B67C5E732E5A092C0017ECBF /* ChallengeDataManager.swift */; };
		B67C5E7B2E5E11FD0017ECBF /* WinPercentageDetailView.swift in Sources */ = {isa = PBXBuildFile; fileRef = B67C5E7A2E5E11FD0017ECBF /* WinPercentageDetailView.swift */; };
		B67C5E7F2E5E1D1E0017ECBF /* HandsPlayedDetailView.swift in Sources */ = {isa = PBXBuildFile; fileRef = B67C5E7E2E5E1D1E0017ECBF /* HandsPlayedDetailView.swift */; };
		B690E22A2E7DE52F007C601E /* GoogleMobileAds in Frameworks */ = {isa = PBXBuildFile; productRef = B690E2292E7DE52F007C601E /* GoogleMobileAds */; };
		B690E2322E80B564007C601E /* RangeViewer.swift in Sources */ = {isa = PBXBuildFile; fileRef = B690E2312E80B564007C601E /* RangeViewer.swift */; };
		B690E2342E80CDBB007C601E /* RangeEditorView.swift in Sources */ = {isa = PBXBuildFile; fileRef = B690E2332E80CD9E007C601E /* RangeEditorView.swift */; };
		B690E2382E80D281007C601E /* RangeHelper.swift in Sources */ = {isa = PBXBuildFile; fileRef = B690E2372E80D27C007C601E /* RangeHelper.swift */; };
		B697E7752BC849E700191C7A /* Poker_MasterApp.swift in Sources */ = {isa = PBXBuildFile; fileRef = B697E7742BC849E700191C7A /* Poker_MasterApp.swift */; };
		B697E7772BC849E700191C7A /* ContentView.swift in Sources */ = {isa = PBXBuildFile; fileRef = B697E7762BC849E700191C7A /* ContentView.swift */; };
		B697E7792BC849E700191C7A /* Item.swift in Sources */ = {isa = PBXBuildFile; fileRef = B697E7782BC849E700191C7A /* Item.swift */; };
		B697E77B2BC849E800191C7A /* Assets.xcassets in Resources */ = {isa = PBXBuildFile; fileRef = B697E77A2BC849E800191C7A /* Assets.xcassets */; };
		B697E77E2BC849E800191C7A /* Preview Assets.xcassets in Resources */ = {isa = PBXBuildFile; fileRef = B697E77D2BC849E800191C7A /* Preview Assets.xcassets */; };
		B697E7882BC849E800191C7A /* Poker_MasterTests.swift in Sources */ = {isa = PBXBuildFile; fileRef = B697E7872BC849E800191C7A /* Poker_MasterTests.swift */; };
		B697E7922BC849E800191C7A /* Poker_MasterUITests.swift in Sources */ = {isa = PBXBuildFile; fileRef = B697E7912BC849E800191C7A /* Poker_MasterUITests.swift */; };
		B697E7942BC849E800191C7A /* Poker_MasterUITestsLaunchTests.swift in Sources */ = {isa = PBXBuildFile; fileRef = B697E7932BC849E800191C7A /* Poker_MasterUITestsLaunchTests.swift */; };
		B6ADA4252C06490E00358F34 /* DecisionMaker.swift in Sources */ = {isa = PBXBuildFile; fileRef = B6ADA4242C06490E00358F34 /* DecisionMaker.swift */; };
		B6BB62552E97340A00F1E565 /* AITable.swift in Sources */ = {isa = PBXBuildFile; fileRef = B6BB62542E97340A00F1E565 /* AITable.swift */; };
		B6BB62572E998F9400F1E565 /* AIGameManager.swift in Sources */ = {isa = PBXBuildFile; fileRef = B6BB62562E998F8E00F1E565 /* AIGameManager.swift */; };
		B6BB62592E9AAF0E00F1E565 /* AIPlayer.swift in Sources */ = {isa = PBXBuildFile; fileRef = B6BB62582E9AAF0800F1E565 /* AIPlayer.swift */; };
		B6BB625B2E9AD06F00F1E565 /* AIPlayerLayoutView.swift in Sources */ = {isa = PBXBuildFile; fileRef = B6BB625A2E9AD06F00F1E565 /* AIPlayerLayoutView.swift */; };
		B6BB625D2E9AD0B700F1E565 /* AIPlayerPositionView.swift in Sources */ = {isa = PBXBuildFile; fileRef = B6BB625C2E9AD0B700F1E565 /* AIPlayerPositionView.swift */; };
		B6D205162E82FD0A00E12C49 /* PlayerLayoutView.swift in Sources */ = {isa = PBXBuildFile; fileRef = B6D205152E82FCF700E12C49 /* PlayerLayoutView.swift */; };
		B6D403682D8A09D3008A83E8 /* PlayerTests.swift in Sources */ = {isa = PBXBuildFile; fileRef = B6D403672D8A09D3008A83E8 /* PlayerTests.swift */; };
		B6D4036C2D919A27008A83E8 /* IncorrectSelectionView.swift in Sources */ = {isa = PBXBuildFile; fileRef = B6D4036B2D919A27008A83E8 /* IncorrectSelectionView.swift */; };
		B6D4036F2D9340A3008A83E8 /* ConfettiSwiftUI in Frameworks */ = {isa = PBXBuildFile; productRef = B6D4036E2D9340A3008A83E8 /* ConfettiSwiftUI */; };
		B6D403742D9D751F008A83E8 /* SimplePreFlopManager.swift in Sources */ = {isa = PBXBuildFile; fileRef = B6D403732D9D751F008A83E8 /* SimplePreFlopManager.swift */; };
		B6D403762DA07098008A83E8 /* Ranges.json in Resources */ = {isa = PBXBuildFile; fileRef = B6D403752DA07098008A83E8 /* Ranges.json */; };
		B6D403782DA07150008A83E8 /* RangesFileManager.swift in Sources */ = {isa = PBXBuildFile; fileRef = B6D403772DA07150008A83E8 /* RangesFileManager.swift */; };
		B6EC8AC22E60F07800C1AC9B /* Launch Screen.storyboard in Resources */ = {isa = PBXBuildFile; fileRef = B6EC8AC12E60F07800C1AC9B /* Launch Screen.storyboard */; };
		B6EC8AC62E621C1C00C1AC9B /* UserProfileState.swift in Sources */ = {isa = PBXBuildFile; fileRef = B6EC8AC52E621C1C00C1AC9B /* UserProfileState.swift */; };
		B6EC8AC92E63830800C1AC9B /* PreflopSettingsView.swift in Sources */ = {isa = PBXBuildFile; fileRef = B6EC8AC82E63830800C1AC9B /* PreflopSettingsView.swift */; };
		B6EC8ACB2E6B3B6400C1AC9B /* RangesView.swift in Sources */ = {isa = PBXBuildFile; fileRef = B6EC8ACA2E6B3B6400C1AC9B /* RangesView.swift */; };
		B6EC8ACD2E6B629800C1AC9B /* GameOverView.swift in Sources */ = {isa = PBXBuildFile; fileRef = B6EC8ACC2E6B629800C1AC9B /* GameOverView.swift */; };
		B6EC8AD02E70883300C1AC9B /* EquityTable.swift in Sources */ = {isa = PBXBuildFile; fileRef = B6EC8ACF2E70883300C1AC9B /* EquityTable.swift */; };
		B6EC8AD22E70924100C1AC9B /* VillainRangeView.swift in Sources */ = {isa = PBXBuildFile; fileRef = B6EC8AD12E70924100C1AC9B /* VillainRangeView.swift */; };
		B6EC8AD42E70AF6200C1AC9B /* EquityDrillManager.swift in Sources */ = {isa = PBXBuildFile; fileRef = B6EC8AD32E70AF6200C1AC9B /* EquityDrillManager.swift */; };
		B6EC8AD82E735C4F00C1AC9B /* EquitySettingsView.swift in Sources */ = {isa = PBXBuildFile; fileRef = B6EC8AD72E735C4F00C1AC9B /* EquitySettingsView.swift */; };
		B6EC8ADB2E738E3A00C1AC9B /* ActivityIndicatorView in Frameworks */ = {isa = PBXBuildFile; productRef = B6EC8ADA2E738E3A00C1AC9B /* ActivityIndicatorView */; };
		B6EC8ADD2E7392D500C1AC9B /* CardBackViewScaled.swift in Sources */ = {isa = PBXBuildFile; fileRef = B6EC8ADC2E7392D500C1AC9B /* CardBackViewScaled.swift */; };
		B6EC8ADF2E739BC300C1AC9B /* BoardView.swift in Sources */ = {isa = PBXBuildFile; fileRef = B6EC8ADE2E739BC300C1AC9B /* BoardView.swift */; };
		B6EC8AE12E78A71600C1AC9B /* Auth.swift in Sources */ = {isa = PBXBuildFile; fileRef = B6EC8AE02E78A71600C1AC9B /* Auth.swift */; };
/* End PBXBuildFile section */

/* Begin PBXContainerItemProxy section */
		B697E7842BC849E800191C7A /* PBXContainerItemProxy */ = {
			isa = PBXContainerItemProxy;
			containerPortal = B697E7692BC849E700191C7A /* Project object */;
			proxyType = 1;
			remoteGlobalIDString = B697E7702BC849E700191C7A;
			remoteInfo = "Poker Master";
		};
		B697E78E2BC849E800191C7A /* PBXContainerItemProxy */ = {
			isa = PBXContainerItemProxy;
			containerPortal = B697E7692BC849E700191C7A /* Project object */;
			proxyType = 1;
			remoteGlobalIDString = B697E7702BC849E700191C7A;
			remoteInfo = "Poker Master";
		};
/* End PBXContainerItemProxy section */

/* Begin PBXFileReference section */
		B6131C3C2E89BA7700E9ACFA /* Poker Master.entitlements */ = {isa = PBXFileReference; lastKnownFileType = text.plist.entitlements; path = "Poker Master.entitlements"; sourceTree = "<group>"; };
		B6131C4A2E89FAEF00E9ACFA /* GoogleService-Info.plist */ = {isa = PBXFileReference; lastKnownFileType = text.plist.xml; path = "GoogleService-Info.plist"; sourceTree = "<group>"; };
		B631BA462BD0968F00F9FCAA /* PlayerPositionView.swift */ = {isa = PBXFileReference; lastKnownFileType = sourcecode.swift; path = PlayerPositionView.swift; sourceTree = "<group>"; };
		B635742E2EA1498100F1212D /* AIPlayerTests.swift */ = {isa = PBXFileReference; lastKnownFileType = sourcecode.swift; path = AIPlayerTests.swift; sourceTree = "<group>"; };
		B63574322EA1517600F1212D /* AIGameManagerTests.swift */ = {isa = PBXFileReference; lastKnownFileType = sourcecode.swift; path = AIGameManagerTests.swift; sourceTree = "<group>"; };
		B63574362EB1401E00F1212D /* AIBoardView.swift */ = {isa = PBXFileReference; lastKnownFileType = sourcecode.swift; path = AIBoardView.swift; sourceTree = "<group>"; };
		B635743E2EB3FC2200F1212D /* StoreKit.framework */ = {isa = PBXFileReference; lastKnownFileType = wrapper.framework; name = StoreKit.framework; path = System/Library/Frameworks/StoreKit.framework; sourceTree = SDKROOT; };
		B63574402EB4434400F1212D /* SubscriptionManager.swift */ = {isa = PBXFileReference; lastKnownFileType = sourcecode.swift; path = SubscriptionManager.swift; sourceTree = "<group>"; };
		B645C6C42E7DA494005F78BA /* CreateAccountView.swift */ = {isa = PBXFileReference; lastKnownFileType = sourcecode.swift; path = CreateAccountView.swift; sourceTree = "<group>"; };
		B645C6C62E7DA49D005F78BA /* LoginView.swift */ = {isa = PBXFileReference; lastKnownFileType = sourcecode.swift; path = LoginView.swift; sourceTree = "<group>"; };
		B649ED492BD1B0C900157267 /* Player.swift */ = {isa = PBXFileReference; lastKnownFileType = sourcecode.swift; path = Player.swift; sourceTree = "<group>"; };
		B649ED4C2BD1B2E100157267 /* GameManager.swift */ = {isa = PBXFileReference; lastKnownFileType = sourcecode.swift; path = GameManager.swift; sourceTree = "<group>"; };
		B649ED502BD6DA6500157267 /* Card.swift */ = {isa = PBXFileReference; lastKnownFileType = sourcecode.swift; path = Card.swift; sourceTree = "<group>"; };
		B649ED522BD6E78200157267 /* Deck.swift */ = {isa = PBXFileReference; lastKnownFileType = sourcecode.swift; path = Deck.swift; sourceTree = "<group>"; };
		B649ED542BD6FE5000157267 /* DeckTests.swift */ = {isa = PBXFileReference; lastKnownFileType = sourcecode.swift; path = DeckTests.swift; sourceTree = "<group>"; };
		B649ED562BD70D6B00157267 /* CardBackView.swift */ = {isa = PBXFileReference; lastKnownFileType = sourcecode.swift; path = CardBackView.swift; sourceTree = "<group>"; };
		B656DC712EC2D87200488B57 /* PlayerInfoSheet.swift */ = {isa = PBXFileReference; lastKnownFileType = sourcecode.swift; path = PlayerInfoSheet.swift; sourceTree = "<group>"; };
		B656DC732EC5208F00488B57 /* Utils.swift */ = {isa = PBXFileReference; lastKnownFileType = sourcecode.swift; path = Utils.swift; sourceTree = "<group>"; };
		B656DC7B2EC6D05D00488B57 /* AIGameLog.swift */ = {isa = PBXFileReference; lastKnownFileType = sourcecode.swift; path = AIGameLog.swift; sourceTree = "<group>"; };
		B656DC7D2EC6D08F00488B57 /* EquityLog.swift */ = {isa = PBXFileReference; lastKnownFileType = sourcecode.swift; path = EquityLog.swift; sourceTree = "<group>"; };
		B672D7DC2BC87E6300E7F5F6 /* PokerTableView.swift */ = {isa = PBXFileReference; lastKnownFileType = sourcecode.swift; path = PokerTableView.swift; sourceTree = "<group>"; };
		B672D7DE2BC88CB900E7F5F6 /* CardView.swift */ = {isa = PBXFileReference; lastKnownFileType = sourcecode.swift; path = CardView.swift; sourceTree = "<group>"; };
		B67C5E422E208A950017ECBF /* MenuView.swift */ = {isa = PBXFileReference; lastKnownFileType = sourcecode.swift; path = MenuView.swift; sourceTree = "<group>"; };
		B67C5E442E208AD70017ECBF /* MenuOption.swift */ = {isa = PBXFileReference; lastKnownFileType = sourcecode.swift; path = MenuOption.swift; sourceTree = "<group>"; };
		B67C5E462E2802D70017ECBF /* MainView.swift */ = {isa = PBXFileReference; lastKnownFileType = sourcecode.swift; path = MainView.swift; sourceTree = "<group>"; };
		B67C5E4C2E28065B0017ECBF /* ProfileView.swift */ = {isa = PBXFileReference; lastKnownFileType = sourcecode.swift; path = ProfileView.swift; sourceTree = "<group>"; };
		B67C5E4E2E2806DD0017ECBF /* StatsView.swift */ = {isa = PBXFileReference; lastKnownFileType = sourcecode.swift; path = StatsView.swift; sourceTree = "<group>"; };
		B67C5E502E2806F30017ECBF /* HomeView.swift */ = {isa = PBXFileReference; lastKnownFileType = sourcecode.swift; path = HomeView.swift; sourceTree = "<group>"; };
		B67C5E522E2807160017ECBF /* ChallengesView.swift */ = {isa = PBXFileReference; lastKnownFileType = sourcecode.swift; path = ChallengesView.swift; sourceTree = "<group>"; };
		B67C5E552E283F600017ECBF /* Exo2-Italic-VariableFont_wght.ttf */ = {isa = PBXFileReference; lastKnownFileType = file; path = "Exo2-Italic-VariableFont_wght.ttf"; sourceTree = "<group>"; };
		B67C5E562E283F600017ECBF /* Exo2-VariableFont_wght.ttf */ = {isa = PBXFileReference; lastKnownFileType = file; path = "Exo2-VariableFont_wght.ttf"; sourceTree = "<group>"; };
		B67C5E592E283FED0017ECBF /* Poker-Master-Info.plist */ = {isa = PBXFileReference; lastKnownFileType = text.plist; path = "Poker-Master-Info.plist"; sourceTree = SOURCE_ROOT; };
		B67C5E5A2E28423F0017ECBF /* Audiowide-Regular.ttf */ = {isa = PBXFileReference; lastKnownFileType = file; path = "Audiowide-Regular.ttf"; sourceTree = "<group>"; };
		B67C5E5F2E43D9A20017ECBF /* PokerAPI.swift */ = {isa = PBXFileReference; lastKnownFileType = sourcecode.swift; path = PokerAPI.swift; sourceTree = "<group>"; };
		B67C5E612E4C04F90017ECBF /* AdvancedPreflopManager.swift */ = {isa = PBXFileReference; lastKnownFileType = sourcecode.swift; path = AdvancedPreflopManager.swift; sourceTree = "<group>"; };
		B67C5E642E50D9360017ECBF /* AdvancedDecisionMaker.swift */ = {isa = PBXFileReference; lastKnownFileType = sourcecode.swift; path = AdvancedDecisionMaker.swift; sourceTree = "<group>"; };
		B67C5E662E591EF20017ECBF /* ChallengeCard.swift */ = {isa = PBXFileReference; lastKnownFileType = sourcecode.swift; path = ChallengeCard.swift; sourceTree = "<group>"; };
		B67C5E6D2E59F3B40017ECBF /* Models.swift */ = {isa = PBXFileReference; lastKnownFileType = sourcecode.swift; path = Models.swift; sourceTree = "<group>"; };
		B67C5E732E5A092C0017ECBF /* ChallengeDataManager.swift */ = {isa = PBXFileReference; lastKnownFileType = sourcecode.swift; path = ChallengeDataManager.swift; sourceTree = "<group>"; };
		B67C5E7A2E5E11FD0017ECBF /* WinPercentageDetailView.swift */ = {isa = PBXFileReference; lastKnownFileType = sourcecode.swift; path = WinPercentageDetailView.swift; sourceTree = "<group>"; };
		B67C5E7E2E5E1D1E0017ECBF /* HandsPlayedDetailView.swift */ = {isa = PBXFileReference; lastKnownFileType = sourcecode.swift; path = HandsPlayedDetailView.swift; sourceTree = "<group>"; };
		B690E2312E80B564007C601E /* RangeViewer.swift */ = {isa = PBXFileReference; lastKnownFileType = sourcecode.swift; path = RangeViewer.swift; sourceTree = "<group>"; };
		B690E2332E80CD9E007C601E /* RangeEditorView.swift */ = {isa = PBXFileReference; lastKnownFileType = sourcecode.swift; path = RangeEditorView.swift; sourceTree = "<group>"; };
		B690E2372E80D27C007C601E /* RangeHelper.swift */ = {isa = PBXFileReference; lastKnownFileType = sourcecode.swift; path = RangeHelper.swift; sourceTree = "<group>"; };
		B697E7712BC849E700191C7A /* Poker Master.app */ = {isa = PBXFileReference; explicitFileType = wrapper.application; includeInIndex = 0; path = "Poker Master.app"; sourceTree = BUILT_PRODUCTS_DIR; };
		B697E7742BC849E700191C7A /* Poker_MasterApp.swift */ = {isa = PBXFileReference; lastKnownFileType = sourcecode.swift; path = Poker_MasterApp.swift; sourceTree = "<group>"; };
		B697E7762BC849E700191C7A /* ContentView.swift */ = {isa = PBXFileReference; lastKnownFileType = sourcecode.swift; path = ContentView.swift; sourceTree = "<group>"; };
		B697E7782BC849E700191C7A /* Item.swift */ = {isa = PBXFileReference; lastKnownFileType = sourcecode.swift; path = Item.swift; sourceTree = "<group>"; };
		B697E77A2BC849E800191C7A /* Assets.xcassets */ = {isa = PBXFileReference; lastKnownFileType = folder.assetcatalog; path = Assets.xcassets; sourceTree = "<group>"; };
		B697E77D2BC849E800191C7A /* Preview Assets.xcassets */ = {isa = PBXFileReference; lastKnownFileType = folder.assetcatalog; path = "Preview Assets.xcassets"; sourceTree = "<group>"; };
		B697E7832BC849E800191C7A /* Poker MasterTests.xctest */ = {isa = PBXFileReference; explicitFileType = wrapper.cfbundle; includeInIndex = 0; path = "Poker MasterTests.xctest"; sourceTree = BUILT_PRODUCTS_DIR; };
		B697E7872BC849E800191C7A /* Poker_MasterTests.swift */ = {isa = PBXFileReference; lastKnownFileType = sourcecode.swift; path = Poker_MasterTests.swift; sourceTree = "<group>"; };
		B697E78D2BC849E800191C7A /* Poker MasterUITests.xctest */ = {isa = PBXFileReference; explicitFileType = wrapper.cfbundle; includeInIndex = 0; path = "Poker MasterUITests.xctest"; sourceTree = BUILT_PRODUCTS_DIR; };
		B697E7912BC849E800191C7A /* Poker_MasterUITests.swift */ = {isa = PBXFileReference; lastKnownFileType = sourcecode.swift; path = Poker_MasterUITests.swift; sourceTree = "<group>"; };
		B697E7932BC849E800191C7A /* Poker_MasterUITestsLaunchTests.swift */ = {isa = PBXFileReference; lastKnownFileType = sourcecode.swift; path = Poker_MasterUITestsLaunchTests.swift; sourceTree = "<group>"; };
		B6ADA4232C0135B700358F34 /* BTN_strategy_chart.json */ = {isa = PBXFileReference; lastKnownFileType = text.json; path = BTN_strategy_chart.json; sourceTree = "<group>"; };
		B6ADA4242C06490E00358F34 /* DecisionMaker.swift */ = {isa = PBXFileReference; lastKnownFileType = sourcecode.swift; path = DecisionMaker.swift; sourceTree = "<group>"; };
		B6BB62542E97340A00F1E565 /* AITable.swift */ = {isa = PBXFileReference; lastKnownFileType = sourcecode.swift; path = AITable.swift; sourceTree = "<group>"; };
		B6BB62562E998F8E00F1E565 /* AIGameManager.swift */ = {isa = PBXFileReference; lastKnownFileType = sourcecode.swift; path = AIGameManager.swift; sourceTree = "<group>"; };
		B6BB62582E9AAF0800F1E565 /* AIPlayer.swift */ = {isa = PBXFileReference; lastKnownFileType = sourcecode.swift; path = AIPlayer.swift; sourceTree = "<group>"; };
		B6BB625A2E9AD06F00F1E565 /* AIPlayerLayoutView.swift */ = {isa = PBXFileReference; lastKnownFileType = sourcecode.swift; path = AIPlayerLayoutView.swift; sourceTree = "<group>"; };
		B6BB625C2E9AD0B700F1E565 /* AIPlayerPositionView.swift */ = {isa = PBXFileReference; lastKnownFileType = sourcecode.swift; path = AIPlayerPositionView.swift; sourceTree = "<group>"; };
		B6D205152E82FCF700E12C49 /* PlayerLayoutView.swift */ = {isa = PBXFileReference; lastKnownFileType = sourcecode.swift; path = PlayerLayoutView.swift; sourceTree = "<group>"; };
		B6D403672D8A09D3008A83E8 /* PlayerTests.swift */ = {isa = PBXFileReference; lastKnownFileType = sourcecode.swift; path = PlayerTests.swift; sourceTree = "<group>"; };
		B6D4036B2D919A27008A83E8 /* IncorrectSelectionView.swift */ = {isa = PBXFileReference; lastKnownFileType = sourcecode.swift; path = IncorrectSelectionView.swift; sourceTree = "<group>"; };
		B6D403732D9D751F008A83E8 /* SimplePreFlopManager.swift */ = {isa = PBXFileReference; lastKnownFileType = sourcecode.swift; path = SimplePreFlopManager.swift; sourceTree = "<group>"; };
		B6D403752DA07098008A83E8 /* Ranges.json */ = {isa = PBXFileReference; fileEncoding = 4; lastKnownFileType = text.json; path = Ranges.json; sourceTree = "<group>"; };
		B6D403772DA07150008A83E8 /* RangesFileManager.swift */ = {isa = PBXFileReference; lastKnownFileType = sourcecode.swift; path = RangesFileManager.swift; sourceTree = "<group>"; };
		B6EC8AC12E60F07800C1AC9B /* Launch Screen.storyboard */ = {isa = PBXFileReference; lastKnownFileType = file.storyboard; path = "Launch Screen.storyboard"; sourceTree = "<group>"; };
		B6EC8AC52E621C1C00C1AC9B /* UserProfileState.swift */ = {isa = PBXFileReference; lastKnownFileType = sourcecode.swift; path = UserProfileState.swift; sourceTree = "<group>"; };
		B6EC8AC82E63830800C1AC9B /* PreflopSettingsView.swift */ = {isa = PBXFileReference; lastKnownFileType = sourcecode.swift; path = PreflopSettingsView.swift; sourceTree = "<group>"; };
		B6EC8ACA2E6B3B6400C1AC9B /* RangesView.swift */ = {isa = PBXFileReference; lastKnownFileType = sourcecode.swift; path = RangesView.swift; sourceTree = "<group>"; };
		B6EC8ACC2E6B629800C1AC9B /* GameOverView.swift */ = {isa = PBXFileReference; lastKnownFileType = sourcecode.swift; path = GameOverView.swift; sourceTree = "<group>"; };
		B6EC8ACF2E70883300C1AC9B /* EquityTable.swift */ = {isa = PBXFileReference; lastKnownFileType = sourcecode.swift; path = EquityTable.swift; sourceTree = "<group>"; };
		B6EC8AD12E70924100C1AC9B /* VillainRangeView.swift */ = {isa = PBXFileReference; lastKnownFileType = sourcecode.swift; path = VillainRangeView.swift; sourceTree = "<group>"; };
		B6EC8AD32E70AF6200C1AC9B /* EquityDrillManager.swift */ = {isa = PBXFileReference; lastKnownFileType = sourcecode.swift; path = EquityDrillManager.swift; sourceTree = "<group>"; };
		B6EC8AD72E735C4F00C1AC9B /* EquitySettingsView.swift */ = {isa = PBXFileReference; lastKnownFileType = sourcecode.swift; path = EquitySettingsView.swift; sourceTree = "<group>"; };
		B6EC8ADC2E7392D500C1AC9B /* CardBackViewScaled.swift */ = {isa = PBXFileReference; lastKnownFileType = sourcecode.swift; path = CardBackViewScaled.swift; sourceTree = "<group>"; };
		B6EC8ADE2E739BC300C1AC9B /* BoardView.swift */ = {isa = PBXFileReference; lastKnownFileType = sourcecode.swift; path = BoardView.swift; sourceTree = "<group>"; };
		B6EC8AE02E78A71600C1AC9B /* Auth.swift */ = {isa = PBXFileReference; lastKnownFileType = sourcecode.swift; path = Auth.swift; sourceTree = "<group>"; };
/* End PBXFileReference section */

/* Begin PBXFrameworksBuildPhase section */
		B697E76E2BC849E700191C7A /* Frameworks */ = {
			isa = PBXFrameworksBuildPhase;
			buildActionMask = 2147483647;
			files = (
				B6131C472E89F31D00E9ACFA /* FirebaseAppCheck in Frameworks */,
				B690E22A2E7DE52F007C601E /* GoogleMobileAds in Frameworks */,
				B635743A2EB3FBF000F1212D /* RevenueCat in Frameworks */,
				B656DC702EB6D83E00488B57 /* AlertToast in Frameworks */,
				B635743F2EB3FC2200F1212D /* StoreKit.framework in Frameworks */,
				B635743C2EB3FBF000F1212D /* RevenueCatUI in Frameworks */,
				B6131C432E89F31D00E9ACFA /* FirebaseAnalyticsCore in Frameworks */,
				B6EC8ADB2E738E3A00C1AC9B /* ActivityIndicatorView in Frameworks */,
				B6131C4D2E8A221A00E9ACFA /* FirebaseAuth in Frameworks */,
				B6131C452E89F31D00E9ACFA /* FirebaseAnalyticsIdentitySupport in Frameworks */,
				B6D4036F2D9340A3008A83E8 /* ConfettiSwiftUI in Frameworks */,
				B6131C412E89F31D00E9ACFA /* FirebaseAnalytics in Frameworks */,
				B645C6CA2E7DA626005F78BA /* AnimatedGradient in Frameworks */,
			);
			runOnlyForDeploymentPostprocessing = 0;
		};
		B697E7802BC849E800191C7A /* Frameworks */ = {
			isa = PBXFrameworksBuildPhase;
			buildActionMask = 2147483647;
			files = (
			);
			runOnlyForDeploymentPostprocessing = 0;
		};
		B697E78A2BC849E800191C7A /* Frameworks */ = {
			isa = PBXFrameworksBuildPhase;
			buildActionMask = 2147483647;
			files = (
			);
			runOnlyForDeploymentPostprocessing = 0;
		};
/* End PBXFrameworksBuildPhase section */

/* Begin PBXGroup section */
		B635742D2EA1497500F1212D /* Models */ = {
			isa = PBXGroup;
			children = (
				B635742E2EA1498100F1212D /* AIPlayerTests.swift */,
			);
			path = Models;
			sourceTree = "<group>";
		};
		B63574302EA14FA800F1212D /* Services */ = {
			isa = PBXGroup;
			children = (
				B63574312EA14FC500F1212D /* Games */,
			);
			path = Services;
			sourceTree = "<group>";
		};
		B63574312EA14FC500F1212D /* Games */ = {
			isa = PBXGroup;
			children = (
				B63574322EA1517600F1212D /* AIGameManagerTests.swift */,
			);
			path = Games;
			sourceTree = "<group>";
		};
		B635743D2EB3FC2200F1212D /* Frameworks */ = {
			isa = PBXGroup;
			children = (
				B635743E2EB3FC2200F1212D /* StoreKit.framework */,
			);
			name = Frameworks;
			sourceTree = "<group>";
		};
		B645C6C32E7DA47D005F78BA /* AccountCreation */ = {
			isa = PBXGroup;
			children = (
				B645C6C42E7DA494005F78BA /* CreateAccountView.swift */,
				B645C6C62E7DA49D005F78BA /* LoginView.swift */,
			);
			path = AccountCreation;
			sourceTree = "<group>";
		};
		B649ED482BD1B09300157267 /* Models */ = {
			isa = PBXGroup;
			children = (
				B67C5E6C2E59F1F60017ECBF /* DataModels */,
				B649ED492BD1B0C900157267 /* Player.swift */,
				B6BB62582E9AAF0800F1E565 /* AIPlayer.swift */,
				B649ED502BD6DA6500157267 /* Card.swift */,
				B649ED522BD6E78200157267 /* Deck.swift */,
			);
			path = Models;
			sourceTree = "<group>";
		};
		B649ED4B2BD1B2CE00157267 /* Services */ = {
			isa = PBXGroup;
			children = (
				B63574402EB4434400F1212D /* SubscriptionManager.swift */,
				B690E2372E80D27C007C601E /* RangeHelper.swift */,
				B67C5E722E5A09180017ECBF /* Data */,
				B67C5E632E50D8F10017ECBF /* DecisionMakers */,
				B6D403722D9D74F1008A83E8 /* Games */,
				B67C5E5F2E43D9A20017ECBF /* PokerAPI.swift */,
				B6EC8AE02E78A71600C1AC9B /* Auth.swift */,
			);
			path = Services;
			sourceTree = "<group>";
		};
		B649ED582BD7108B00157267 /* Images */ = {
			isa = PBXGroup;
			children = (
			);
			path = Images;
			sourceTree = "<group>";
		};
		B67C5E3F2E2088A70017ECBF /* Menu */ = {
			isa = PBXGroup;
			children = (
				B6BB62532E9733E700F1E565 /* AIGames */,
				B6EC8ACE2E707D9300C1AC9B /* Equity */,
				B6870FFE2D6E079000A1EAB1 /* Card */,
				B6EC8AC72E63817000C1AC9B /* BasicPreflop */,
				B67C5E422E208A950017ECBF /* MenuView.swift */,
				B67C5E442E208AD70017ECBF /* MenuOption.swift */,
			);
			path = Menu;
			sourceTree = "<group>";
		};
		B67C5E482E2806190017ECBF /* Home */ = {
			isa = PBXGroup;
			children = (
				B67C5E502E2806F30017ECBF /* HomeView.swift */,
			);
			path = Home;
			sourceTree = "<group>";
		};
		B67C5E492E2806230017ECBF /* Challenge */ = {
			isa = PBXGroup;
			children = (
				B67C5E522E2807160017ECBF /* ChallengesView.swift */,
				B67C5E662E591EF20017ECBF /* ChallengeCard.swift */,
			);
			path = Challenge;
			sourceTree = "<group>";
		};
		B67C5E4A2E2806370017ECBF /* Statistics */ = {
			isa = PBXGroup;
			children = (
				B67C5E792E5E11DC0017ECBF /* DetailedStatViews */,
				B67C5E4E2E2806DD0017ECBF /* StatsView.swift */,
			);
			path = Statistics;
			sourceTree = "<group>";
		};
		B67C5E4B2E28064A0017ECBF /* Profile */ = {
			isa = PBXGroup;
			children = (
				B67C5E4C2E28065B0017ECBF /* ProfileView.swift */,
			);
			path = Profile;
			sourceTree = "<group>";
		};
		B67C5E542E283F220017ECBF /* Fonts */ = {
			isa = PBXGroup;
			children = (
				B67C5E5A2E28423F0017ECBF /* Audiowide-Regular.ttf */,
				B67C5E552E283F600017ECBF /* Exo2-Italic-VariableFont_wght.ttf */,
				B67C5E562E283F600017ECBF /* Exo2-VariableFont_wght.ttf */,
			);
			path = Fonts;
			sourceTree = "<group>";
		};
		B67C5E5C2E4183170017ECBF /* State */ = {
			isa = PBXGroup;
			children = (
				B6EC8AC52E621C1C00C1AC9B /* UserProfileState.swift */,
			);
			path = State;
			sourceTree = "<group>";
		};
		B67C5E632E50D8F10017ECBF /* DecisionMakers */ = {
			isa = PBXGroup;
			children = (
				B6ADA4242C06490E00358F34 /* DecisionMaker.swift */,
				B67C5E642E50D9360017ECBF /* AdvancedDecisionMaker.swift */,
			);
			path = DecisionMakers;
			sourceTree = "<group>";
		};
		B67C5E6C2E59F1F60017ECBF /* DataModels */ = {
			isa = PBXGroup;
			children = (
				B656DC7D2EC6D08F00488B57 /* EquityLog.swift */,
				B656DC7B2EC6D05D00488B57 /* AIGameLog.swift */,
				B67C5E6D2E59F3B40017ECBF /* Models.swift */,
			);
			path = DataModels;
			sourceTree = "<group>";
		};
		B67C5E722E5A09180017ECBF /* Data */ = {
			isa = PBXGroup;
			children = (
				B67C5E732E5A092C0017ECBF /* ChallengeDataManager.swift */,
			);
			path = Data;
			sourceTree = "<group>";
		};
		B67C5E792E5E11DC0017ECBF /* DetailedStatViews */ = {
			isa = PBXGroup;
			children = (
				B67C5E7A2E5E11FD0017ECBF /* WinPercentageDetailView.swift */,
				B67C5E7E2E5E1D1E0017ECBF /* HandsPlayedDetailView.swift */,
			);
			path = DetailedStatViews;
			sourceTree = "<group>";
		};
		B6870FFB2D6E05F400A1EAB1 /* Views */ = {
			isa = PBXGroup;
			children = (
				B690E2302E80B54C007C601E /* Ranges */,
				B645C6C32E7DA47D005F78BA /* AccountCreation */,
				B67C5E4B2E28064A0017ECBF /* Profile */,
				B67C5E4A2E2806370017ECBF /* Statistics */,
				B67C5E492E2806230017ECBF /* Challenge */,
				B67C5E482E2806190017ECBF /* Home */,
				B67C5E3F2E2088A70017ECBF /* Menu */,
				B697E7762BC849E700191C7A /* ContentView.swift */,
				B67C5E462E2802D70017ECBF /* MainView.swift */,
			);
			path = Views;
			sourceTree = "<group>";
		};
		B6870FFD2D6E061D00A1EAB1 /* Utils */ = {
			isa = PBXGroup;
			children = (
				B656DC732EC5208F00488B57 /* Utils.swift */,
				B6D403772DA07150008A83E8 /* RangesFileManager.swift */,
			);
			path = Utils;
			sourceTree = "<group>";
		};
		B6870FFE2D6E079000A1EAB1 /* Card */ = {
			isa = PBXGroup;
			children = (
				B672D7DE2BC88CB900E7F5F6 /* CardView.swift */,
				B649ED562BD70D6B00157267 /* CardBackView.swift */,
				B6EC8ADC2E7392D500C1AC9B /* CardBackViewScaled.swift */,
			);
			path = Card;
			sourceTree = "<group>";
		};
		B690E2302E80B54C007C601E /* Ranges */ = {
			isa = PBXGroup;
			children = (
				B690E2332E80CD9E007C601E /* RangeEditorView.swift */,
				B690E2312E80B564007C601E /* RangeViewer.swift */,
			);
			path = Ranges;
			sourceTree = "<group>";
		};
		B697E7682BC849E700191C7A = {
			isa = PBXGroup;
			children = (
				B6EC8AC12E60F07800C1AC9B /* Launch Screen.storyboard */,
				B6D403752DA07098008A83E8 /* Ranges.json */,
				B697E7732BC849E700191C7A /* Poker Master */,
				B697E7862BC849E800191C7A /* Poker MasterTests */,
				B697E7902BC849E800191C7A /* Poker MasterUITests */,
				B635743D2EB3FC2200F1212D /* Frameworks */,
				B697E7722BC849E700191C7A /* Products */,
			);
			sourceTree = "<group>";
		};
		B697E7722BC849E700191C7A /* Products */ = {
			isa = PBXGroup;
			children = (
				B697E7712BC849E700191C7A /* Poker Master.app */,
				B697E7832BC849E800191C7A /* Poker MasterTests.xctest */,
				B697E78D2BC849E800191C7A /* Poker MasterUITests.xctest */,
			);
			name = Products;
			sourceTree = "<group>";
		};
		B697E7732BC849E700191C7A /* Poker Master */ = {
			isa = PBXGroup;
			children = (
				B6131C4A2E89FAEF00E9ACFA /* GoogleService-Info.plist */,
				B6131C3C2E89BA7700E9ACFA /* Poker Master.entitlements */,
				B67C5E5C2E4183170017ECBF /* State */,
				B67C5E592E283FED0017ECBF /* Poker-Master-Info.plist */,
				B67C5E542E283F220017ECBF /* Fonts */,
				B6870FFD2D6E061D00A1EAB1 /* Utils */,
				B6ADA4222C01351500358F34 /* Resources */,
				B649ED582BD7108B00157267 /* Images */,
				B649ED4B2BD1B2CE00157267 /* Services */,
				B649ED482BD1B09300157267 /* Models */,
				B6870FFB2D6E05F400A1EAB1 /* Views */,
				B697E7742BC849E700191C7A /* Poker_MasterApp.swift */,
				B697E7782BC849E700191C7A /* Item.swift */,
				B697E77A2BC849E800191C7A /* Assets.xcassets */,
				B697E77C2BC849E800191C7A /* Preview Content */,
			);
			path = "Poker Master";
			sourceTree = "<group>";
		};
		B697E77C2BC849E800191C7A /* Preview Content */ = {
			isa = PBXGroup;
			children = (
				B697E77D2BC849E800191C7A /* Preview Assets.xcassets */,
			);
			path = "Preview Content";
			sourceTree = "<group>";
		};
		B697E7862BC849E800191C7A /* Poker MasterTests */ = {
			isa = PBXGroup;
			children = (
				B63574302EA14FA800F1212D /* Services */,
				B635742D2EA1497500F1212D /* Models */,
				B697E7872BC849E800191C7A /* Poker_MasterTests.swift */,
				B649ED542BD6FE5000157267 /* DeckTests.swift */,
				B6D403672D8A09D3008A83E8 /* PlayerTests.swift */,
			);
			path = "Poker MasterTests";
			sourceTree = "<group>";
		};
		B697E7902BC849E800191C7A /* Poker MasterUITests */ = {
			isa = PBXGroup;
			children = (
				B697E7912BC849E800191C7A /* Poker_MasterUITests.swift */,
				B697E7932BC849E800191C7A /* Poker_MasterUITestsLaunchTests.swift */,
			);
			path = "Poker MasterUITests";
			sourceTree = "<group>";
		};
		B6ADA4222C01351500358F34 /* Resources */ = {
			isa = PBXGroup;
			children = (
				B6ADA4232C0135B700358F34 /* BTN_strategy_chart.json */,
			);
			path = Resources;
			sourceTree = "<group>";
		};
		B6BB62532E9733E700F1E565 /* AIGames */ = {
			isa = PBXGroup;
			children = (
				B656DC712EC2D87200488B57 /* PlayerInfoSheet.swift */,
				B63574362EB1401E00F1212D /* AIBoardView.swift */,
				B6BB62542E97340A00F1E565 /* AITable.swift */,
				B6BB625A2E9AD06F00F1E565 /* AIPlayerLayoutView.swift */,
				B6BB625C2E9AD0B700F1E565 /* AIPlayerPositionView.swift */,
			);
			path = AIGames;
			sourceTree = "<group>";
		};
		B6D403722D9D74F1008A83E8 /* Games */ = {
			isa = PBXGroup;
			children = (
				B6BB62562E998F8E00F1E565 /* AIGameManager.swift */,
				B649ED4C2BD1B2E100157267 /* GameManager.swift */,
				B6D403732D9D751F008A83E8 /* SimplePreFlopManager.swift */,
				B67C5E612E4C04F90017ECBF /* AdvancedPreflopManager.swift */,
				B6EC8AD32E70AF6200C1AC9B /* EquityDrillManager.swift */,
			);
			path = Games;
			sourceTree = "<group>";
		};
		B6EC8AC72E63817000C1AC9B /* BasicPreflop */ = {
			isa = PBXGroup;
			children = (
				B6D205152E82FCF700E12C49 /* PlayerLayoutView.swift */,
				B6D4036B2D919A27008A83E8 /* IncorrectSelectionView.swift */,
				B631BA462BD0968F00F9FCAA /* PlayerPositionView.swift */,
				B672D7DC2BC87E6300E7F5F6 /* PokerTableView.swift */,
				B6EC8AC82E63830800C1AC9B /* PreflopSettingsView.swift */,
				B6EC8ACA2E6B3B6400C1AC9B /* RangesView.swift */,
				B6EC8ACC2E6B629800C1AC9B /* GameOverView.swift */,
			);
			path = BasicPreflop;
			sourceTree = "<group>";
		};
		B6EC8ACE2E707D9300C1AC9B /* Equity */ = {
			isa = PBXGroup;
			children = (
				B6EC8ACF2E70883300C1AC9B /* EquityTable.swift */,
				B6EC8AD12E70924100C1AC9B /* VillainRangeView.swift */,
				B6EC8AD72E735C4F00C1AC9B /* EquitySettingsView.swift */,
				B6EC8ADE2E739BC300C1AC9B /* BoardView.swift */,
			);
			path = Equity;
			sourceTree = "<group>";
		};
/* End PBXGroup section */

/* Begin PBXNativeTarget section */
		B697E7702BC849E700191C7A /* Poker Master */ = {
			isa = PBXNativeTarget;
			buildConfigurationList = B697E7972BC849E800191C7A /* Build configuration list for PBXNativeTarget "Poker Master" */;
			buildPhases = (
				B697E76D2BC849E700191C7A /* Sources */,
				B697E76E2BC849E700191C7A /* Frameworks */,
				B697E76F2BC849E700191C7A /* Resources */,
			);
			buildRules = (
			);
			dependencies = (
			);
			name = "Poker Master";
			packageProductDependencies = (
				B6D4036E2D9340A3008A83E8 /* ConfettiSwiftUI */,
				B6EC8ADA2E738E3A00C1AC9B /* ActivityIndicatorView */,
				B645C6C92E7DA626005F78BA /* AnimatedGradient */,
				B690E2292E7DE52F007C601E /* GoogleMobileAds */,
				B6131C402E89F31D00E9ACFA /* FirebaseAnalytics */,
				B6131C422E89F31D00E9ACFA /* FirebaseAnalyticsCore */,
				B6131C442E89F31D00E9ACFA /* FirebaseAnalyticsIdentitySupport */,
				B6131C462E89F31D00E9ACFA /* FirebaseAppCheck */,
				B6131C4C2E8A221A00E9ACFA /* FirebaseAuth */,
				B63574392EB3FBF000F1212D /* RevenueCat */,
				B635743B2EB3FBF000F1212D /* RevenueCatUI */,
				B656DC6F2EB6D83E00488B57 /* AlertToast */,
			);
			productName = "Poker Master";
			productReference = B697E7712BC849E700191C7A /* Poker Master.app */;
			productType = "com.apple.product-type.application";
		};
		B697E7822BC849E800191C7A /* Poker MasterTests */ = {
			isa = PBXNativeTarget;
			buildConfigurationList = B697E79A2BC849E800191C7A /* Build configuration list for PBXNativeTarget "Poker MasterTests" */;
			buildPhases = (
				B697E77F2BC849E800191C7A /* Sources */,
				B697E7802BC849E800191C7A /* Frameworks */,
				B697E7812BC849E800191C7A /* Resources */,
			);
			buildRules = (
			);
			dependencies = (
				B697E7852BC849E800191C7A /* PBXTargetDependency */,
			);
			name = "Poker MasterTests";
			productName = "Poker MasterTests";
			productReference = B697E7832BC849E800191C7A /* Poker MasterTests.xctest */;
			productType = "com.apple.product-type.bundle.unit-test";
		};
		B697E78C2BC849E800191C7A /* Poker MasterUITests */ = {
			isa = PBXNativeTarget;
			buildConfigurationList = B697E79D2BC849E800191C7A /* Build configuration list for PBXNativeTarget "Poker MasterUITests" */;
			buildPhases = (
				B697E7892BC849E800191C7A /* Sources */,
				B697E78A2BC849E800191C7A /* Frameworks */,
				B697E78B2BC849E800191C7A /* Resources */,
			);
			buildRules = (
			);
			dependencies = (
				B697E78F2BC849E800191C7A /* PBXTargetDependency */,
			);
			name = "Poker MasterUITests";
			productName = "Poker MasterUITests";
			productReference = B697E78D2BC849E800191C7A /* Poker MasterUITests.xctest */;
			productType = "com.apple.product-type.bundle.ui-testing";
		};
/* End PBXNativeTarget section */

/* Begin PBXProject section */
		B697E7692BC849E700191C7A /* Project object */ = {
			isa = PBXProject;
			attributes = {
				BuildIndependentTargetsInParallel = 1;
				LastSwiftUpdateCheck = 1530;
				LastUpgradeCheck = 2600;
				TargetAttributes = {
					B697E7702BC849E700191C7A = {
						CreatedOnToolsVersion = 15.3;
					};
					B697E7822BC849E800191C7A = {
						CreatedOnToolsVersion = 15.3;
						TestTargetID = B697E7702BC849E700191C7A;
					};
					B697E78C2BC849E800191C7A = {
						CreatedOnToolsVersion = 15.3;
						TestTargetID = B697E7702BC849E700191C7A;
					};
				};
			};
			buildConfigurationList = B697E76C2BC849E700191C7A /* Build configuration list for PBXProject "Poker Master" */;
			compatibilityVersion = "Xcode 14.0";
			developmentRegion = en;
			hasScannedForEncodings = 0;
			knownRegions = (
				en,
				Base,
			);
			mainGroup = B697E7682BC849E700191C7A;
			packageReferences = (
				B6D4036D2D9340A3008A83E8 /* XCRemoteSwiftPackageReference "ConfettiSwiftUI" */,
				B6EC8AD92E738E3A00C1AC9B /* XCRemoteSwiftPackageReference "ActivityIndicatorView" */,
				B645C6C82E7DA626005F78BA /* XCRemoteSwiftPackageReference "AnimatedGradient" */,
				B690E2282E7DE52F007C601E /* XCRemoteSwiftPackageReference "swift-package-manager-google-mobile-ads" */,
				B6131C3F2E89F31D00E9ACFA /* XCRemoteSwiftPackageReference "firebase-ios-sdk" */,
				B63574382EB3FBF000F1212D /* XCRemoteSwiftPackageReference "purchases-ios-spm" */,
				B656DC6E2EB6D83E00488B57 /* XCRemoteSwiftPackageReference "AlertToast" */,
			);
			productRefGroup = B697E7722BC849E700191C7A /* Products */;
			projectDirPath = "";
			projectRoot = "";
			targets = (
				B697E7702BC849E700191C7A /* Poker Master */,
				B697E7822BC849E800191C7A /* Poker MasterTests */,
				B697E78C2BC849E800191C7A /* Poker MasterUITests */,
			);
		};
/* End PBXProject section */

/* Begin PBXResourcesBuildPhase section */
		B697E76F2BC849E700191C7A /* Resources */ = {
			isa = PBXResourcesBuildPhase;
			buildActionMask = 2147483647;
			files = (
				B6D403762DA07098008A83E8 /* Ranges.json in Resources */,
				B6131C4B2E89FAEF00E9ACFA /* GoogleService-Info.plist in Resources */,
				B697E77E2BC849E800191C7A /* Preview Assets.xcassets in Resources */,
				B697E77B2BC849E800191C7A /* Assets.xcassets in Resources */,
				B67C5E582E283F600017ECBF /* Exo2-VariableFont_wght.ttf in Resources */,
				B67C5E572E283F600017ECBF /* Exo2-Italic-VariableFont_wght.ttf in Resources */,
				B67C5E5B2E28423F0017ECBF /* Audiowide-Regular.ttf in Resources */,
				B6EC8AC22E60F07800C1AC9B /* Launch Screen.storyboard in Resources */,
			);
			runOnlyForDeploymentPostprocessing = 0;
		};
		B697E7812BC849E800191C7A /* Resources */ = {
			isa = PBXResourcesBuildPhase;
			buildActionMask = 2147483647;
			files = (
			);
			runOnlyForDeploymentPostprocessing = 0;
		};
		B697E78B2BC849E800191C7A /* Resources */ = {
			isa = PBXResourcesBuildPhase;
			buildActionMask = 2147483647;
			files = (
			);
			runOnlyForDeploymentPostprocessing = 0;
		};
/* End PBXResourcesBuildPhase section */

/* Begin PBXSourcesBuildPhase section */
		B697E76D2BC849E700191C7A /* Sources */ = {
			isa = PBXSourcesBuildPhase;
			buildActionMask = 2147483647;
			files = (
				B6EC8ACD2E6B629800C1AC9B /* GameOverView.swift in Sources */,
				B672D7DD2BC87E6300E7F5F6 /* PokerTableView.swift in Sources */,
				B6D403742D9D751F008A83E8 /* SimplePreFlopManager.swift in Sources */,
				B645C6C72E7DA49D005F78BA /* LoginView.swift in Sources */,
				B67C5E622E4C04F90017ECBF /* AdvancedPreflopManager.swift in Sources */,
				B649ED512BD6DA6500157267 /* Card.swift in Sources */,
				B6EC8AD82E735C4F00C1AC9B /* EquitySettingsView.swift in Sources */,
				B6BB625B2E9AD06F00F1E565 /* AIPlayerLayoutView.swift in Sources */,
				B6D4036C2D919A27008A83E8 /* IncorrectSelectionView.swift in Sources */,
				B67C5E7B2E5E11FD0017ECBF /* WinPercentageDetailView.swift in Sources */,
				B67C5E512E2806F30017ECBF /* HomeView.swift in Sources */,
				B67C5E532E2807160017ECBF /* ChallengesView.swift in Sources */,
				B6EC8AE12E78A71600C1AC9B /* Auth.swift in Sources */,
				B67C5E6E2E59F3B40017ECBF /* Models.swift in Sources */,
				B67C5E4F2E2806DD0017ECBF /* StatsView.swift in Sources */,
				B67C5E472E2802D70017ECBF /* MainView.swift in Sources */,
				B6EC8AD22E70924100C1AC9B /* VillainRangeView.swift in Sources */,
				B6EC8AD02E70883300C1AC9B /* EquityTable.swift in Sources */,
				B6EC8ACB2E6B3B6400C1AC9B /* RangesView.swift in Sources */,
				B63574412EB4434B00F1212D /* SubscriptionManager.swift in Sources */,
				B67C5E672E591EF20017ECBF /* ChallengeCard.swift in Sources */,
				B6BB62592E9AAF0E00F1E565 /* AIPlayer.swift in Sources */,
				B656DC7C2EC6D06800488B57 /* AIGameLog.swift in Sources */,
				B690E2382E80D281007C601E /* RangeHelper.swift in Sources */,
				B6EC8ADF2E739BC300C1AC9B /* BoardView.swift in Sources */,
				B6D205162E82FD0A00E12C49 /* PlayerLayoutView.swift in Sources */,
				B649ED532BD6E78200157267 /* Deck.swift in Sources */,
				B645C6C52E7DA494005F78BA /* CreateAccountView.swift in Sources */,
				B67C5E652E50D9360017ECBF /* AdvancedDecisionMaker.swift in Sources */,
				B649ED4D2BD1B2E100157267 /* GameManager.swift in Sources */,
				B6BB62552E97340A00F1E565 /* AITable.swift in Sources */,
				B6ADA4252C06490E00358F34 /* DecisionMaker.swift in Sources */,
				B656DC742EC5209300488B57 /* Utils.swift in Sources */,
				B67C5E742E5A092C0017ECBF /* ChallengeDataManager.swift in Sources */,
				B6EC8AC62E621C1C00C1AC9B /* UserProfileState.swift in Sources */,
				B631BA472BD0968F00F9FCAA /* PlayerPositionView.swift in Sources */,
				B697E7772BC849E700191C7A /* ContentView.swift in Sources */,
				B690E2342E80CDBB007C601E /* RangeEditorView.swift in Sources */,
				B649ED572BD70D6B00157267 /* CardBackView.swift in Sources */,
				B656DC7E2EC6D09600488B57 /* EquityLog.swift in Sources */,
				B67C5E602E43D9A20017ECBF /* PokerAPI.swift in Sources */,
				B67C5E4D2E28065B0017ECBF /* ProfileView.swift in Sources */,
				B63574372EB1402300F1212D /* AIBoardView.swift in Sources */,
				B697E7792BC849E700191C7A /* Item.swift in Sources */,
				B67C5E432E208A950017ECBF /* MenuView.swift in Sources */,
				B656DC722EC2D87B00488B57 /* PlayerInfoSheet.swift in Sources */,
				B67C5E7F2E5E1D1E0017ECBF /* HandsPlayedDetailView.swift in Sources */,
				B67C5E452E208AD70017ECBF /* MenuOption.swift in Sources */,
				B649ED4A2BD1B0C900157267 /* Player.swift in Sources */,
				B6EC8AC92E63830800C1AC9B /* PreflopSettingsView.swift in Sources */,
				B6EC8AD42E70AF6200C1AC9B /* EquityDrillManager.swift in Sources */,
				B690E2322E80B564007C601E /* RangeViewer.swift in Sources */,
				B697E7752BC849E700191C7A /* Poker_MasterApp.swift in Sources */,
				B6EC8ADD2E7392D500C1AC9B /* CardBackViewScaled.swift in Sources */,
				B6BB625D2E9AD0B700F1E565 /* AIPlayerPositionView.swift in Sources */,
				B6BB62572E998F9400F1E565 /* AIGameManager.swift in Sources */,
				B6D403782DA07150008A83E8 /* RangesFileManager.swift in Sources */,
				B672D7DF2BC88CB900E7F5F6 /* CardView.swift in Sources */,
			);
			runOnlyForDeploymentPostprocessing = 0;
		};
		B697E77F2BC849E800191C7A /* Sources */ = {
			isa = PBXSourcesBuildPhase;
			buildActionMask = 2147483647;
			files = (
				B635742F2EA1498900F1212D /* AIPlayerTests.swift in Sources */,
				B6D403682D8A09D3008A83E8 /* PlayerTests.swift in Sources */,
				B649ED552BD6FE5000157267 /* DeckTests.swift in Sources */,
				B63574332EA1518000F1212D /* AIGameManagerTests.swift in Sources */,
				B697E7882BC849E800191C7A /* Poker_MasterTests.swift in Sources */,
			);
			runOnlyForDeploymentPostprocessing = 0;
		};
		B697E7892BC849E800191C7A /* Sources */ = {
			isa = PBXSourcesBuildPhase;
			buildActionMask = 2147483647;
			files = (
				B697E7942BC849E800191C7A /* Poker_MasterUITestsLaunchTests.swift in Sources */,
				B697E7922BC849E800191C7A /* Poker_MasterUITests.swift in Sources */,
			);
			runOnlyForDeploymentPostprocessing = 0;
		};
/* End PBXSourcesBuildPhase section */

/* Begin PBXTargetDependency section */
		B697E7852BC849E800191C7A /* PBXTargetDependency */ = {
			isa = PBXTargetDependency;
			target = B697E7702BC849E700191C7A /* Poker Master */;
			targetProxy = B697E7842BC849E800191C7A /* PBXContainerItemProxy */;
		};
		B697E78F2BC849E800191C7A /* PBXTargetDependency */ = {
			isa = PBXTargetDependency;
			target = B697E7702BC849E700191C7A /* Poker Master */;
			targetProxy = B697E78E2BC849E800191C7A /* PBXContainerItemProxy */;
		};
/* End PBXTargetDependency section */

/* Begin XCBuildConfiguration section */
		B697E7952BC849E800191C7A /* Debug */ = {
			isa = XCBuildConfiguration;
			buildSettings = {
				ALWAYS_SEARCH_USER_PATHS = NO;
				ASSETCATALOG_COMPILER_GENERATE_SWIFT_ASSET_SYMBOL_EXTENSIONS = YES;
				CLANG_ANALYZER_NONNULL = YES;
				CLANG_ANALYZER_NUMBER_OBJECT_CONVERSION = YES_AGGRESSIVE;
				CLANG_CXX_LANGUAGE_STANDARD = "gnu++20";
				CLANG_ENABLE_MODULES = YES;
				CLANG_ENABLE_OBJC_ARC = YES;
				CLANG_ENABLE_OBJC_WEAK = YES;
				CLANG_WARN_BLOCK_CAPTURE_AUTORELEASING = YES;
				CLANG_WARN_BOOL_CONVERSION = YES;
				CLANG_WARN_COMMA = YES;
				CLANG_WARN_CONSTANT_CONVERSION = YES;
				CLANG_WARN_DEPRECATED_OBJC_IMPLEMENTATIONS = YES;
				CLANG_WARN_DIRECT_OBJC_ISA_USAGE = YES_ERROR;
				CLANG_WARN_DOCUMENTATION_COMMENTS = YES;
				CLANG_WARN_EMPTY_BODY = YES;
				CLANG_WARN_ENUM_CONVERSION = YES;
				CLANG_WARN_INFINITE_RECURSION = YES;
				CLANG_WARN_INT_CONVERSION = YES;
				CLANG_WARN_NON_LITERAL_NULL_CONVERSION = YES;
				CLANG_WARN_OBJC_IMPLICIT_RETAIN_SELF = YES;
				CLANG_WARN_OBJC_LITERAL_CONVERSION = YES;
				CLANG_WARN_OBJC_ROOT_CLASS = YES_ERROR;
				CLANG_WARN_QUOTED_INCLUDE_IN_FRAMEWORK_HEADER = YES;
				CLANG_WARN_RANGE_LOOP_ANALYSIS = YES;
				CLANG_WARN_STRICT_PROTOTYPES = YES;
				CLANG_WARN_SUSPICIOUS_MOVE = YES;
				CLANG_WARN_UNGUARDED_AVAILABILITY = YES_AGGRESSIVE;
				CLANG_WARN_UNREACHABLE_CODE = YES;
				CLANG_WARN__DUPLICATE_METHOD_MATCH = YES;
				COPY_PHASE_STRIP = NO;
				DEBUG_INFORMATION_FORMAT = dwarf;
				DEVELOPMENT_TEAM = BRG3JNA93K;
				ENABLE_STRICT_OBJC_MSGSEND = YES;
				ENABLE_TESTABILITY = YES;
				ENABLE_USER_SCRIPT_SANDBOXING = YES;
				GCC_C_LANGUAGE_STANDARD = gnu17;
				GCC_DYNAMIC_NO_PIC = NO;
				GCC_NO_COMMON_BLOCKS = YES;
				GCC_OPTIMIZATION_LEVEL = 0;
				GCC_PREPROCESSOR_DEFINITIONS = (
					"DEBUG=1",
					"$(inherited)",
				);
				GCC_WARN_64_TO_32_BIT_CONVERSION = YES;
				GCC_WARN_ABOUT_RETURN_TYPE = YES_ERROR;
				GCC_WARN_UNDECLARED_SELECTOR = YES;
				GCC_WARN_UNINITIALIZED_AUTOS = YES_AGGRESSIVE;
				GCC_WARN_UNUSED_FUNCTION = YES;
				GCC_WARN_UNUSED_VARIABLE = YES;
				IPHONEOS_DEPLOYMENT_TARGET = 17.4;
				LOCALIZATION_PREFERS_STRING_CATALOGS = YES;
				MTL_ENABLE_DEBUG_INFO = INCLUDE_SOURCE;
				MTL_FAST_MATH = YES;
				ONLY_ACTIVE_ARCH = YES;
				SDKROOT = iphoneos;
				STRING_CATALOG_GENERATE_SYMBOLS = YES;
				SWIFT_ACTIVE_COMPILATION_CONDITIONS = "DEBUG $(inherited)";
				SWIFT_OPTIMIZATION_LEVEL = "-Onone";
			};
			name = Debug;
		};
		B697E7962BC849E800191C7A /* Release */ = {
			isa = XCBuildConfiguration;
			buildSettings = {
				ALWAYS_SEARCH_USER_PATHS = NO;
				ASSETCATALOG_COMPILER_GENERATE_SWIFT_ASSET_SYMBOL_EXTENSIONS = YES;
				CLANG_ANALYZER_NONNULL = YES;
				CLANG_ANALYZER_NUMBER_OBJECT_CONVERSION = YES_AGGRESSIVE;
				CLANG_CXX_LANGUAGE_STANDARD = "gnu++20";
				CLANG_ENABLE_MODULES = YES;
				CLANG_ENABLE_OBJC_ARC = YES;
				CLANG_ENABLE_OBJC_WEAK = YES;
				CLANG_WARN_BLOCK_CAPTURE_AUTORELEASING = YES;
				CLANG_WARN_BOOL_CONVERSION = YES;
				CLANG_WARN_COMMA = YES;
				CLANG_WARN_CONSTANT_CONVERSION = YES;
				CLANG_WARN_DEPRECATED_OBJC_IMPLEMENTATIONS = YES;
				CLANG_WARN_DIRECT_OBJC_ISA_USAGE = YES_ERROR;
				CLANG_WARN_DOCUMENTATION_COMMENTS = YES;
				CLANG_WARN_EMPTY_BODY = YES;
				CLANG_WARN_ENUM_CONVERSION = YES;
				CLANG_WARN_INFINITE_RECURSION = YES;
				CLANG_WARN_INT_CONVERSION = YES;
				CLANG_WARN_NON_LITERAL_NULL_CONVERSION = YES;
				CLANG_WARN_OBJC_IMPLICIT_RETAIN_SELF = YES;
				CLANG_WARN_OBJC_LITERAL_CONVERSION = YES;
				CLANG_WARN_OBJC_ROOT_CLASS = YES_ERROR;
				CLANG_WARN_QUOTED_INCLUDE_IN_FRAMEWORK_HEADER = YES;
				CLANG_WARN_RANGE_LOOP_ANALYSIS = YES;
				CLANG_WARN_STRICT_PROTOTYPES = YES;
				CLANG_WARN_SUSPICIOUS_MOVE = YES;
				CLANG_WARN_UNGUARDED_AVAILABILITY = YES_AGGRESSIVE;
				CLANG_WARN_UNREACHABLE_CODE = YES;
				CLANG_WARN__DUPLICATE_METHOD_MATCH = YES;
				COPY_PHASE_STRIP = NO;
				DEBUG_INFORMATION_FORMAT = "dwarf-with-dsym";
				DEVELOPMENT_TEAM = BRG3JNA93K;
				ENABLE_NS_ASSERTIONS = NO;
				ENABLE_STRICT_OBJC_MSGSEND = YES;
				ENABLE_USER_SCRIPT_SANDBOXING = YES;
				GCC_C_LANGUAGE_STANDARD = gnu17;
				GCC_NO_COMMON_BLOCKS = YES;
				GCC_WARN_64_TO_32_BIT_CONVERSION = YES;
				GCC_WARN_ABOUT_RETURN_TYPE = YES_ERROR;
				GCC_WARN_UNDECLARED_SELECTOR = YES;
				GCC_WARN_UNINITIALIZED_AUTOS = YES_AGGRESSIVE;
				GCC_WARN_UNUSED_FUNCTION = YES;
				GCC_WARN_UNUSED_VARIABLE = YES;
				IPHONEOS_DEPLOYMENT_TARGET = 17.4;
				LOCALIZATION_PREFERS_STRING_CATALOGS = YES;
				MTL_ENABLE_DEBUG_INFO = NO;
				MTL_FAST_MATH = YES;
				SDKROOT = iphoneos;
				STRING_CATALOG_GENERATE_SYMBOLS = YES;
				SWIFT_COMPILATION_MODE = wholemodule;
				VALIDATE_PRODUCT = YES;
			};
			name = Release;
		};
		B697E7982BC849E800191C7A /* Debug */ = {
			isa = XCBuildConfiguration;
			buildSettings = {
				ASSETCATALOG_COMPILER_APPICON_NAME = AppIcon;
				ASSETCATALOG_COMPILER_GLOBAL_ACCENT_COLOR_NAME = AccentColor;
				CODE_SIGN_ENTITLEMENTS = "Poker Master/Poker Master.entitlements";
				CODE_SIGN_STYLE = Automatic;
				CURRENT_PROJECT_VERSION = 1;
				DEVELOPMENT_ASSET_PATHS = "";
				ENABLE_PREVIEWS = YES;
				GENERATE_INFOPLIST_FILE = YES;
				INFOPLIST_FILE = "Poker-Master-Info.plist";
				INFOPLIST_KEY_UIApplicationSceneManifest_Generation = YES;
				INFOPLIST_KEY_UIApplicationSupportsIndirectInputEvents = YES;
				INFOPLIST_KEY_UILaunchScreen_Generation = YES;
				INFOPLIST_KEY_UILaunchStoryboardName = "Launch Screen.storyboard";
				INFOPLIST_KEY_UISupportedInterfaceOrientations = UIInterfaceOrientationPortrait;
				INFOPLIST_KEY_UISupportedInterfaceOrientations_iPad = "UIInterfaceOrientationLandscapeLeft UIInterfaceOrientationLandscapeRight UIInterfaceOrientationPortrait UIInterfaceOrientationPortraitUpsideDown";
				LD_RUNPATH_SEARCH_PATHS = (
					"$(inherited)",
					"@executable_path/Frameworks",
				);
				MARKETING_VERSION = 1.0;
				PRODUCT_BUNDLE_IDENTIFIER = "com.nedwhitt.Poker-Master";
				PRODUCT_NAME = "$(TARGET_NAME)";
				SWIFT_EMIT_LOC_STRINGS = YES;
				SWIFT_VERSION = 5.0;
				TARGETED_DEVICE_FAMILY = "1,2";
			};
			name = Debug;
		};
		B697E7992BC849E800191C7A /* Release */ = {
			isa = XCBuildConfiguration;
			buildSettings = {
				ASSETCATALOG_COMPILER_APPICON_NAME = AppIcon;
				ASSETCATALOG_COMPILER_GLOBAL_ACCENT_COLOR_NAME = AccentColor;
				CODE_SIGN_ENTITLEMENTS = "Poker Master/Poker Master.entitlements";
				CODE_SIGN_STYLE = Automatic;
				CURRENT_PROJECT_VERSION = 1;
				DEVELOPMENT_ASSET_PATHS = "";
				ENABLE_PREVIEWS = YES;
				GENERATE_INFOPLIST_FILE = YES;
				INFOPLIST_FILE = "Poker-Master-Info.plist";
				INFOPLIST_KEY_UIApplicationSceneManifest_Generation = YES;
				INFOPLIST_KEY_UIApplicationSupportsIndirectInputEvents = YES;
				INFOPLIST_KEY_UILaunchScreen_Generation = YES;
				INFOPLIST_KEY_UILaunchStoryboardName = "Launch Screen.storyboard";
				INFOPLIST_KEY_UISupportedInterfaceOrientations = UIInterfaceOrientationPortrait;
				INFOPLIST_KEY_UISupportedInterfaceOrientations_iPad = "UIInterfaceOrientationLandscapeLeft UIInterfaceOrientationLandscapeRight UIInterfaceOrientationPortrait UIInterfaceOrientationPortraitUpsideDown";
				LD_RUNPATH_SEARCH_PATHS = (
					"$(inherited)",
					"@executable_path/Frameworks",
				);
				MARKETING_VERSION = 1.0;
				PRODUCT_BUNDLE_IDENTIFIER = "com.nedwhitt.Poker-Master";
				PRODUCT_NAME = "$(TARGET_NAME)";
				SWIFT_EMIT_LOC_STRINGS = YES;
				SWIFT_VERSION = 5.0;
				TARGETED_DEVICE_FAMILY = "1,2";
			};
			name = Release;
		};
		B697E79B2BC849E800191C7A /* Debug */ = {
			isa = XCBuildConfiguration;
			buildSettings = {
				BUNDLE_LOADER = "$(TEST_HOST)";
				CODE_SIGN_STYLE = Automatic;
				CURRENT_PROJECT_VERSION = 1;
				GENERATE_INFOPLIST_FILE = YES;
				IPHONEOS_DEPLOYMENT_TARGET = 17.4;
				MARKETING_VERSION = 1.0;
				PRODUCT_BUNDLE_IDENTIFIER = "com.nedwhitt.Poker-MasterTests";
				PRODUCT_NAME = "$(TARGET_NAME)";
				SWIFT_EMIT_LOC_STRINGS = NO;
				SWIFT_VERSION = 5.0;
				TARGETED_DEVICE_FAMILY = "1,2";
				TEST_HOST = "$(BUILT_PRODUCTS_DIR)/Poker Master.app/$(BUNDLE_EXECUTABLE_FOLDER_PATH)/Poker Master";
			};
			name = Debug;
		};
		B697E79C2BC849E800191C7A /* Release */ = {
			isa = XCBuildConfiguration;
			buildSettings = {
				BUNDLE_LOADER = "$(TEST_HOST)";
				CODE_SIGN_STYLE = Automatic;
				CURRENT_PROJECT_VERSION = 1;
				GENERATE_INFOPLIST_FILE = YES;
				IPHONEOS_DEPLOYMENT_TARGET = 17.4;
				MARKETING_VERSION = 1.0;
				PRODUCT_BUNDLE_IDENTIFIER = "com.nedwhitt.Poker-MasterTests";
				PRODUCT_NAME = "$(TARGET_NAME)";
				SWIFT_EMIT_LOC_STRINGS = NO;
				SWIFT_VERSION = 5.0;
				TARGETED_DEVICE_FAMILY = "1,2";
				TEST_HOST = "$(BUILT_PRODUCTS_DIR)/Poker Master.app/$(BUNDLE_EXECUTABLE_FOLDER_PATH)/Poker Master";
			};
			name = Release;
		};
		B697E79E2BC849E800191C7A /* Debug */ = {
			isa = XCBuildConfiguration;
			buildSettings = {
				CODE_SIGN_STYLE = Automatic;
				CURRENT_PROJECT_VERSION = 1;
				GENERATE_INFOPLIST_FILE = YES;
				MARKETING_VERSION = 1.0;
				PRODUCT_BUNDLE_IDENTIFIER = "com.nedwhitt.Poker-MasterUITests";
				PRODUCT_NAME = "$(TARGET_NAME)";
				SWIFT_EMIT_LOC_STRINGS = NO;
				SWIFT_VERSION = 5.0;
				TARGETED_DEVICE_FAMILY = "1,2";
				TEST_TARGET_NAME = "Poker Master";
			};
			name = Debug;
		};
		B697E79F2BC849E800191C7A /* Release */ = {
			isa = XCBuildConfiguration;
			buildSettings = {
				CODE_SIGN_STYLE = Automatic;
				CURRENT_PROJECT_VERSION = 1;
				GENERATE_INFOPLIST_FILE = YES;
				MARKETING_VERSION = 1.0;
				PRODUCT_BUNDLE_IDENTIFIER = "com.nedwhitt.Poker-MasterUITests";
				PRODUCT_NAME = "$(TARGET_NAME)";
				SWIFT_EMIT_LOC_STRINGS = NO;
				SWIFT_VERSION = 5.0;
				TARGETED_DEVICE_FAMILY = "1,2";
				TEST_TARGET_NAME = "Poker Master";
			};
			name = Release;
		};
/* End XCBuildConfiguration section */

/* Begin XCConfigurationList section */
		B697E76C2BC849E700191C7A /* Build configuration list for PBXProject "Poker Master" */ = {
			isa = XCConfigurationList;
			buildConfigurations = (
				B697E7952BC849E800191C7A /* Debug */,
				B697E7962BC849E800191C7A /* Release */,
			);
			defaultConfigurationIsVisible = 0;
			defaultConfigurationName = Release;
		};
		B697E7972BC849E800191C7A /* Build configuration list for PBXNativeTarget "Poker Master" */ = {
			isa = XCConfigurationList;
			buildConfigurations = (
				B697E7982BC849E800191C7A /* Debug */,
				B697E7992BC849E800191C7A /* Release */,
			);
			defaultConfigurationIsVisible = 0;
			defaultConfigurationName = Release;
		};
		B697E79A2BC849E800191C7A /* Build configuration list for PBXNativeTarget "Poker MasterTests" */ = {
			isa = XCConfigurationList;
			buildConfigurations = (
				B697E79B2BC849E800191C7A /* Debug */,
				B697E79C2BC849E800191C7A /* Release */,
			);
			defaultConfigurationIsVisible = 0;
			defaultConfigurationName = Release;
		};
		B697E79D2BC849E800191C7A /* Build configuration list for PBXNativeTarget "Poker MasterUITests" */ = {
			isa = XCConfigurationList;
			buildConfigurations = (
				B697E79E2BC849E800191C7A /* Debug */,
				B697E79F2BC849E800191C7A /* Release */,
			);
			defaultConfigurationIsVisible = 0;
			defaultConfigurationName = Release;
		};
/* End XCConfigurationList section */

/* Begin XCRemoteSwiftPackageReference section */
		B6131C3F2E89F31D00E9ACFA /* XCRemoteSwiftPackageReference "firebase-ios-sdk" */ = {
			isa = XCRemoteSwiftPackageReference;
			repositoryURL = "https://github.com/firebase/firebase-ios-sdk";
			requirement = {
				kind = upToNextMajorVersion;
				minimumVersion = 12.3.0;
			};
		};
		B63574382EB3FBF000F1212D /* XCRemoteSwiftPackageReference "purchases-ios-spm" */ = {
			isa = XCRemoteSwiftPackageReference;
			repositoryURL = "https://github.com/RevenueCat/purchases-ios-spm.git";
			requirement = {
				kind = upToNextMajorVersion;
				minimumVersion = 5.45.1;
			};
		};
		B645C6C82E7DA626005F78BA /* XCRemoteSwiftPackageReference "AnimatedGradient" */ = {
			isa = XCRemoteSwiftPackageReference;
			repositoryURL = "https://github.com/exyte/AnimatedGradient";
			requirement = {
				kind = upToNextMajorVersion;
				minimumVersion = 1.0.1;
			};
		};
		B656DC6E2EB6D83E00488B57 /* XCRemoteSwiftPackageReference "AlertToast" */ = {
			isa = XCRemoteSwiftPackageReference;
			repositoryURL = "https://github.com/elai950/AlertToast.git";
			requirement = {
				kind = upToNextMajorVersion;
				minimumVersion = 1.3.9;
			};
		};
		B690E2282E7DE52F007C601E /* XCRemoteSwiftPackageReference "swift-package-manager-google-mobile-ads" */ = {
			isa = XCRemoteSwiftPackageReference;
			repositoryURL = "https://github.com/googleads/swift-package-manager-google-mobile-ads";
			requirement = {
				kind = upToNextMajorVersion;
				minimumVersion = 12.11.0;
			};
		};
		B6D4036D2D9340A3008A83E8 /* XCRemoteSwiftPackageReference "ConfettiSwiftUI" */ = {
			isa = XCRemoteSwiftPackageReference;
			repositoryURL = "https://github.com/simibac/ConfettiSwiftUI.git";
			requirement = {
				kind = upToNextMajorVersion;
				minimumVersion = 2.0.2;
			};
		};
		B6EC8AD92E738E3A00C1AC9B /* XCRemoteSwiftPackageReference "ActivityIndicatorView" */ = {
			isa = XCRemoteSwiftPackageReference;
			repositoryURL = "https://github.com/exyte/ActivityIndicatorView";
			requirement = {
				kind = upToNextMajorVersion;
				minimumVersion = 1.2.1;
			};
		};
/* End XCRemoteSwiftPackageReference section */

/* Begin XCSwiftPackageProductDependency section */
		B6131C402E89F31D00E9ACFA /* FirebaseAnalytics */ = {
			isa = XCSwiftPackageProductDependency;
			package = B6131C3F2E89F31D00E9ACFA /* XCRemoteSwiftPackageReference "firebase-ios-sdk" */;
			productName = FirebaseAnalytics;
		};
		B6131C422E89F31D00E9ACFA /* FirebaseAnalyticsCore */ = {
			isa = XCSwiftPackageProductDependency;
			package = B6131C3F2E89F31D00E9ACFA /* XCRemoteSwiftPackageReference "firebase-ios-sdk" */;
			productName = FirebaseAnalyticsCore;
		};
		B6131C442E89F31D00E9ACFA /* FirebaseAnalyticsIdentitySupport */ = {
			isa = XCSwiftPackageProductDependency;
			package = B6131C3F2E89F31D00E9ACFA /* XCRemoteSwiftPackageReference "firebase-ios-sdk" */;
			productName = FirebaseAnalyticsIdentitySupport;
		};
		B6131C462E89F31D00E9ACFA /* FirebaseAppCheck */ = {
			isa = XCSwiftPackageProductDependency;
			package = B6131C3F2E89F31D00E9ACFA /* XCRemoteSwiftPackageReference "firebase-ios-sdk" */;
			productName = FirebaseAppCheck;
		};
		B6131C4C2E8A221A00E9ACFA /* FirebaseAuth */ = {
			isa = XCSwiftPackageProductDependency;
			productName = FirebaseAuth;
		};
		B63574392EB3FBF000F1212D /* RevenueCat */ = {
			isa = XCSwiftPackageProductDependency;
			package = B63574382EB3FBF000F1212D /* XCRemoteSwiftPackageReference "purchases-ios-spm" */;
			productName = RevenueCat;
		};
		B635743B2EB3FBF000F1212D /* RevenueCatUI */ = {
			isa = XCSwiftPackageProductDependency;
			package = B63574382EB3FBF000F1212D /* XCRemoteSwiftPackageReference "purchases-ios-spm" */;
			productName = RevenueCatUI;
		};
		B645C6C92E7DA626005F78BA /* AnimatedGradient */ = {
			isa = XCSwiftPackageProductDependency;
			package = B645C6C82E7DA626005F78BA /* XCRemoteSwiftPackageReference "AnimatedGradient" */;
			productName = AnimatedGradient;
		};
		B656DC6F2EB6D83E00488B57 /* AlertToast */ = {
			isa = XCSwiftPackageProductDependency;
			package = B656DC6E2EB6D83E00488B57 /* XCRemoteSwiftPackageReference "AlertToast" */;
			productName = AlertToast;
		};
		B690E2292E7DE52F007C601E /* GoogleMobileAds */ = {
			isa = XCSwiftPackageProductDependency;
			package = B690E2282E7DE52F007C601E /* XCRemoteSwiftPackageReference "swift-package-manager-google-mobile-ads" */;
			productName = GoogleMobileAds;
		};
		B6D4036E2D9340A3008A83E8 /* ConfettiSwiftUI */ = {
			isa = XCSwiftPackageProductDependency;
			package = B6D4036D2D9340A3008A83E8 /* XCRemoteSwiftPackageReference "ConfettiSwiftUI" */;
			productName = ConfettiSwiftUI;
		};
		B6EC8ADA2E738E3A00C1AC9B /* ActivityIndicatorView */ = {
			isa = XCSwiftPackageProductDependency;
			package = B6EC8AD92E738E3A00C1AC9B /* XCRemoteSwiftPackageReference "ActivityIndicatorView" */;
			productName = ActivityIndicatorView;
		};
/* End XCSwiftPackageProductDependency section */
	};
	rootObject = B697E7692BC849E700191C7A /* Project object */;
}
