{
  "originHash" : "2949be5056e7f44320890ddf278b9a10278383fd8ca3bd079e448c6f7ac3ba73",
  "pins" : [
    {
      "identity" : "activityindicatorview",
      "kind" : "remoteSourceControl",
      "location" : "https://github.com/exyte/ActivityIndicatorView",
      "state" : {
        "revision" : "36140867802ae4a1d2b11490bcbbefe058001d14",
        "version" : "1.2.1"
      }
    },
    {
      "identity" : "confettiswiftui",
      "kind" : "remoteSourceControl",
      "location" : "https://github.com/simibac/ConfettiSwiftUI.git",
      "state" : {
        "revision" : "77ce21c82cc5fa608ac921a0dea09dd85b5432c7",
        "version" : "2.0.2"
      }
    }
  ],
  "version" : 3
}
